// !$*UTF8*$!
{
	archiveVersion = 1;
	classes = {
	};
	objectVersion = 45;
	objects = {

/* Begin PBXBuildFile section */
		02022CA61378CDFC00536FEA /* LineItemSelection.m in Sources */ = {isa = PBXBuildFile; fileRef = 02022CA51378CDFC00536FEA /* LineItemSelection.m */; };
		0216F77212FF46E9007BC60F /* MessageUI.framework in Frameworks */ = {isa = PBXBuildFile; fileRef = 0216F77112FF46E9007BC60F /* MessageUI.framework */; };
		021C0D32137B73A2007E641C /* LineItemDefaults.plist in Resources */ = {isa = PBXBuildFile; fileRef = 021C0D31137B73A2007E641C /* LineItemDefaults.plist */; };
		021F685012E67D8700ECDDDD /* AddEstimateNewClientInfoViewController.m in Sources */ = {isa = PBXBuildFile; fileRef = 021F684E12E67D8700ECDDDD /* AddEstimateNewClientInfoViewController.m */; };
		021F685112E67D8700ECDDDD /* AddEstimateNewClientInfo.xib in Resources */ = {isa = PBXBuildFile; fileRef = 021F684F12E67D8700ECDDDD /* AddEstimateNewClientInfo.xib */; };
		0236618A12F8FA8000CD39EE /* CoreText.framework in Frameworks */ = {isa = PBXBuildFile; fileRef = 0236618912F8FA8000CD39EE /* CoreText.framework */; };
		023AE59B13665C7000E8A88D /* BaseObject.m in Sources */ = {isa = PBXBuildFile; fileRef = 023AE59A13665C7000E8A88D /* BaseObject.m */; };
		023C7D6813099CD200FD360B /* Estimates.png in Resources */ = {isa = PBXBuildFile; fileRef = 023C7D6713099CD200FD360B /* Estimates.png */; };
		023C7D8413099F9900FD360B /* Button.png in Resources */ = {isa = PBXBuildFile; fileRef = 023C7D8013099F9900FD360B /* Button.png */; };
		023C7D8513099F9900FD360B /* Button@2x.png in Resources */ = {isa = PBXBuildFile; fileRef = 023C7D8113099F9900FD360B /* Button@2x.png */; };
		023C7D8613099F9900FD360B /* Title.png in Resources */ = {isa = PBXBuildFile; fileRef = 023C7D8213099F9900FD360B /* Title.png */; };
		023C7D8713099F9900FD360B /* Title@2x.png in Resources */ = {isa = PBXBuildFile; fileRef = 023C7D8313099F9900FD360B /* Title@2x.png */; };
		023C7DB91309A8D600FD360B /* Launch.png in Resources */ = {isa = PBXBuildFile; fileRef = 023C7DB71309A8D600FD360B /* Launch.png */; };
		023C7DBA1309A8D600FD360B /* Launch@2x.png in Resources */ = {isa = PBXBuildFile; fileRef = 023C7DB81309A8D600FD360B /* Launch@2x.png */; };
		023E06AD134D52A60026209B /* TextFieldTableViewController.m in Sources */ = {isa = PBXBuildFile; fileRef = 023E06AC134D52A60026209B /* TextFieldTableViewController.m */; };
		028917E21308D1CD00945F4D /* Estimates@2x.png in Resources */ = {isa = PBXBuildFile; fileRef = 028917DE1308D1CD00945F4D /* Estimates@2x.png */; };
		02943B941319891100A719AA /* CoreData.framework in Frameworks */ = {isa = PBXBuildFile; fileRef = 02943B931319891100A719AA /* CoreData.framework */; };
		02943CB11319AB8400A719AA /* WorkingTitle.xcdatamodeld in Sources */ = {isa = PBXBuildFile; fileRef = 02943CAF1319AB8400A719AA /* WorkingTitle.xcdatamodeld */; };
		0299F96F1304D8ED001E1E3E /* StartupViewController.m in Sources */ = {isa = PBXBuildFile; fileRef = 0299F96D1304D8ED001E1E3E /* StartupViewController.m */; };
		0299F9701304D8ED001E1E3E /* Startup.xib in Resources */ = {isa = PBXBuildFile; fileRef = 0299F96E1304D8ED001E1E3E /* Startup.xib */; };
		029C645312EB8389000B6E51 /* Localizable.strings in Resources */ = {isa = PBXBuildFile; fileRef = 029C645112EB8389000B6E51 /* Localizable.strings */; };
		029DACA1136BA00A00AF4A6F /* AddEstimatePickClientInfoViewController.m in Sources */ = {isa = PBXBuildFile; fileRef = 029DAC9F136BA00A00AF4A6F /* AddEstimatePickClientInfoViewController.m */; };
		029DACA2136BA00A00AF4A6F /* AddEstimatePickClientInfo.xib in Resources */ = {isa = PBXBuildFile; fileRef = 029DACA0136BA00A00AF4A6F /* AddEstimatePickClientInfo.xib */; };
		029F3683139DC9F800BA07A5 /* SampleEstimates.plist in Resources */ = {isa = PBXBuildFile; fileRef = 029F3682139DC9F800BA07A5 /* SampleEstimates.plist */; };
		02A1FC8D13A1B47E00C2A3A9 /* QuartzCore.framework in Frameworks */ = {isa = PBXBuildFile; fileRef = 02A1FC8C13A1B47E00C2A3A9 /* QuartzCore.framework */; };
		02A62E8B12FEF50500CAF63A /* PrintManager.m in Sources */ = {isa = PBXBuildFile; fileRef = 02A62E8A12FEF50500CAF63A /* PrintManager.m */; };
		02A8E5471347C79D00BAAF36 /* ContactInformation.m in Sources */ = {isa = PBXBuildFile; fileRef = 02A8E5461347C79D00BAAF36 /* ContactInformation.m */; };
		02A8E54B1347C88600BAAF36 /* AddEstimateContactInfoViewController.m in Sources */ = {isa = PBXBuildFile; fileRef = 02A8E5491347C88600BAAF36 /* AddEstimateContactInfoViewController.m */; };
		02A8E54C1347C88600BAAF36 /* AddEstimateContactInfo.xib in Resources */ = {isa = PBXBuildFile; fileRef = 02A8E54A1347C88600BAAF36 /* AddEstimateContactInfo.xib */; };
		02AA0B5F136DAF13005E9158 /* AddEstimateReviewClientInfoViewController.m in Sources */ = {isa = PBXBuildFile; fileRef = 02AA0B5D136DAF13005E9158 /* AddEstimateReviewClientInfoViewController.m */; };
		02AA0B60136DAF13005E9158 /* AddEstimateReviewClientInfo.xib in Resources */ = {isa = PBXBuildFile; fileRef = 02AA0B5E136DAF13005E9158 /* AddEstimateReviewClientInfo.xib */; };
		02AA0C01136DCB20005E9158 /* AddEstimateLineItemsViewController.m in Sources */ = {isa = PBXBuildFile; fileRef = 02AA0BFF136DCB20005E9158 /* AddEstimateLineItemsViewController.m */; };
		02AA0C02136DCB20005E9158 /* AddEstimateLineItems.xib in Resources */ = {isa = PBXBuildFile; fileRef = 02AA0C00136DCB20005E9158 /* AddEstimateLineItems.xib */; };
		02B2C06E12DFF2DD00D3FEE0 /* EstimatesViewController.m in Sources */ = {isa = PBXBuildFile; fileRef = 02B2C06C12DFF2DD00D3FEE0 /* EstimatesViewController.m */; };
		02B2C06F12DFF2DD00D3FEE0 /* Estimates.xib in Resources */ = {isa = PBXBuildFile; fileRef = 02B2C06D12DFF2DD00D3FEE0 /* Estimates.xib */; };
		02C25793132438C40057D944 /* DataStore.m in Sources */ = {isa = PBXBuildFile; fileRef = 02C25792132438C40057D944 /* DataStore.m */; };
		02C75243136A429F00EC4BF5 /* AddEstimateNewOrPickClientInfoViewController.m in Sources */ = {isa = PBXBuildFile; fileRef = 02C75241136A429F00EC4BF5 /* AddEstimateNewOrPickClientInfoViewController.m */; };
		02C75244136A429F00EC4BF5 /* AddEstimateNewOrPickClientInfo.xib in Resources */ = {isa = PBXBuildFile; fileRef = 02C75242136A429F00EC4BF5 /* AddEstimateNewOrPickClientInfo.xib */; };
		02C81A441307853C009029E9 /* Application.png in Resources */ = {isa = PBXBuildFile; fileRef = 02C81A421307853C009029E9 /* Application.png */; };
		02C81A451307853C009029E9 /* Application@2x.png in Resources */ = {isa = PBXBuildFile; fileRef = 02C81A431307853C009029E9 /* Application@2x.png */; };
		02C81A59130788B8009029E9 /* iTunesArtwork in Resources */ = {isa = PBXBuildFile; fileRef = 02C81A56130788B8009029E9 /* iTunesArtwork */; };
		02C81A5A130788B8009029E9 /* Search-Settings.png in Resources */ = {isa = PBXBuildFile; fileRef = 02C81A57130788B8009029E9 /* Search-Settings.png */; };
		02C81A5B130788B8009029E9 /* Search-Settings@2x.png in Resources */ = {isa = PBXBuildFile; fileRef = 02C81A58130788B8009029E9 /* Search-Settings@2x.png */; };
		02C81A791307903C009029E9 /* Email.png in Resources */ = {isa = PBXBuildFile; fileRef = 02C81A771307903C009029E9 /* Email.png */; };
		02C81A7A1307903C009029E9 /* Email@2x.png in Resources */ = {isa = PBXBuildFile; fileRef = 02C81A781307903C009029E9 /* Email@2x.png */; };
		02C81A9413079755009029E9 /* Print.png in Resources */ = {isa = PBXBuildFile; fileRef = 02C81A9213079755009029E9 /* Print.png */; };
		02C81A9513079755009029E9 /* Print@2x.png in Resources */ = {isa = PBXBuildFile; fileRef = 02C81A9313079755009029E9 /* Print@2x.png */; };
		02CB99E2139BE16F00FF2A3C /* Contracts.png in Resources */ = {isa = PBXBuildFile; fileRef = 02CB99DE139BE16F00FF2A3C /* Contracts.png */; };
		02CB99E3139BE16F00FF2A3C /* Contracts@2x.png in Resources */ = {isa = PBXBuildFile; fileRef = 02CB99DF139BE16F00FF2A3C /* Contracts@2x.png */; };
		02CB99E4139BE16F00FF2A3C /* Options.png in Resources */ = {isa = PBXBuildFile; fileRef = 02CB99E0139BE16F00FF2A3C /* Options.png */; };
		02CB99E5139BE16F00FF2A3C /* Options@2x.png in Resources */ = {isa = PBXBuildFile; fileRef = 02CB99E1139BE16F00FF2A3C /* Options@2x.png */; };
		02CB9A5F139C16B600FF2A3C /* EditSectionHeader.m in Sources */ = {isa = PBXBuildFile; fileRef = 02CB9A5E139C16B600FF2A3C /* EditSectionHeader.m */; };
		02CB9A6D139C19ED00FF2A3C /* EditSectionHeader.xib in Resources */ = {isa = PBXBuildFile; fileRef = 02CB9A6C139C19ED00FF2A3C /* EditSectionHeader.xib */; };
		02CC9C96133FC324006160A7 /* TextFieldCell.m in Sources */ = {isa = PBXBuildFile; fileRef = 02CC9C95133FC324006160A7 /* TextFieldCell.m */; };
		02CC9C98133FC52D006160A7 /* TextFieldCell.xib in Resources */ = {isa = PBXBuildFile; fileRef = 02CC9C97133FC52D006160A7 /* TextFieldCell.xib */; };
		02CC9D82133FEA36006160A7 /* ClientInformation.m in Sources */ = {isa = PBXBuildFile; fileRef = 02CC9D81133FEA36006160A7 /* ClientInformation.m */; };
		02CC9D85133FEB2C006160A7 /* Estimate.m in Sources */ = {isa = PBXBuildFile; fileRef = 02CC9D84133FEB2C006160A7 /* Estimate.m */; };
		02DE987B137A10C1007C5FED /* LineItem.m in Sources */ = {isa = PBXBuildFile; fileRef = 02DE987A137A10C1007C5FED /* LineItem.m */; };
		02DE9886137A12D3007C5FED /* AddEstimatePickLineItemViewController.m in Sources */ = {isa = PBXBuildFile; fileRef = 02DE9884137A12D3007C5FED /* AddEstimatePickLineItemViewController.m */; };
		02DE9887137A12D3007C5FED /* AddEstimatePickLineItem.xib in Resources */ = {isa = PBXBuildFile; fileRef = 02DE9885137A12D3007C5FED /* AddEstimatePickLineItem.xib */; };
		02E1C7A412E53834000D7747 /* ReviewEstimateViewController.m in Sources */ = {isa = PBXBuildFile; fileRef = 02E1C7A212E53834000D7747 /* ReviewEstimateViewController.m */; };
		02E1C7A512E53834000D7747 /* ReviewEstimate.xib in Resources */ = {isa = PBXBuildFile; fileRef = 02E1C7A312E53834000D7747 /* ReviewEstimate.xib */; };
		02FA0484138F3C94001CF3B0 /* NewLineItemViewController.m in Sources */ = {isa = PBXBuildFile; fileRef = 02FA0482138F3C94001CF3B0 /* NewLineItemViewController.m */; };
		02FA0485138F3C94001CF3B0 /* NewLineItem.xib in Resources */ = {isa = PBXBuildFile; fileRef = 02FA0483138F3C94001CF3B0 /* NewLineItem.xib */; };
		02FA838E12F7A69B00C713AF /* PDFManager.m in Sources */ = {isa = PBXBuildFile; fileRef = 02FA838D12F7A69B00C713AF /* PDFManager.m */; };
		02FC633413062D7100681A03 /* EmailManager.m in Sources */ = {isa = PBXBuildFile; fileRef = 02FC633313062D7100681A03 /* EmailManager.m */; };
		1D3623260D0F684500981E51 /* WorkingTitleAppDelegate.m in Sources */ = {isa = PBXBuildFile; fileRef = 1D3623250D0F684500981E51 /* WorkingTitleAppDelegate.m */; };
		1D60589B0D05DD56006BFB54 /* main.m in Sources */ = {isa = PBXBuildFile; fileRef = 29B97316FDCFA39411CA2CEA /* main.m */; };
		1D60589F0D05DD5A006BFB54 /* Foundation.framework in Frameworks */ = {isa = PBXBuildFile; fileRef = 1D30AB110D05D00D00671497 /* Foundation.framework */; };
		1DF5F4E00D08C38300B7A737 /* UIKit.framework in Frameworks */ = {isa = PBXBuildFile; fileRef = 1DF5F4DF0D08C38300B7A737 /* UIKit.framework */; };
		288765080DF74369002DB57D /* CoreGraphics.framework in Frameworks */ = {isa = PBXBuildFile; fileRef = 288765070DF74369002DB57D /* CoreGraphics.framework */; };
		28AD73880D9D96C1002E5188 /* MainWindow.xib in Resources */ = {isa = PBXBuildFile; fileRef = 28AD73870D9D96C1002E5188 /* MainWindow.xib */; };
/* End PBXBuildFile section */

/* Begin PBXFileReference section */
		02022C9F1378CD8700536FEA /* WorkingTitle 8.xcdatamodel */ = {isa = PBXFileReference; lastKnownFileType = wrapper.xcdatamodel; path = "WorkingTitle 8.xcdatamodel"; sourceTree = "<group>"; };
		02022CA41378CDFC00536FEA /* LineItemSelection.h */ = {isa = PBXFileReference; fileEncoding = 4; lastKnownFileType = sourcecode.c.h; path = LineItemSelection.h; sourceTree = "<group>"; };
		02022CA51378CDFC00536FEA /* LineItemSelection.m */ = {isa = PBXFileReference; fileEncoding = 4; lastKnownFileType = sourcecode.c.objc; path = LineItemSelection.m; sourceTree = "<group>"; };
		0216F77112FF46E9007BC60F /* MessageUI.framework */ = {isa = PBXFileReference; lastKnownFileType = wrapper.framework; name = MessageUI.framework; path = System/Library/Frameworks/MessageUI.framework; sourceTree = SDKROOT; };
		021C0D31137B73A2007E641C /* LineItemDefaults.plist */ = {isa = PBXFileReference; fileEncoding = 4; lastKnownFileType = text.plist.xml; name = LineItemDefaults.plist; path = Resources/LineItemDefaults.plist; sourceTree = "<group>"; };
		021E547313690BEA00849A20 /* WorkingTitle 7.xcdatamodel */ = {isa = PBXFileReference; lastKnownFileType = wrapper.xcdatamodel; path = "WorkingTitle 7.xcdatamodel"; sourceTree = "<group>"; };
		021F684D12E67D8700ECDDDD /* AddEstimateNewClientInfoViewController.h */ = {isa = PBXFileReference; fileEncoding = 4; lastKnownFileType = sourcecode.c.h; path = AddEstimateNewClientInfoViewController.h; sourceTree = "<group>"; };
		021F684E12E67D8700ECDDDD /* AddEstimateNewClientInfoViewController.m */ = {isa = PBXFileReference; fileEncoding = 4; lastKnownFileType = sourcecode.c.objc; path = AddEstimateNewClientInfoViewController.m; sourceTree = "<group>"; };
		021F684F12E67D8700ECDDDD /* AddEstimateNewClientInfo.xib */ = {isa = PBXFileReference; lastKnownFileType = file.xib; path = AddEstimateNewClientInfo.xib; sourceTree = "<group>"; };
		0236618912F8FA8000CD39EE /* CoreText.framework */ = {isa = PBXFileReference; lastKnownFileType = wrapper.framework; name = CoreText.framework; path = System/Library/Frameworks/CoreText.framework; sourceTree = SDKROOT; };
		023AE58E1366587B00E8A88D /* WorkingTitle 6.xcdatamodel */ = {isa = PBXFileReference; lastKnownFileType = wrapper.xcdatamodel; path = "WorkingTitle 6.xcdatamodel"; sourceTree = "<group>"; };
		023AE59913665C7000E8A88D /* BaseObject.h */ = {isa = PBXFileReference; fileEncoding = 4; lastKnownFileType = sourcecode.c.h; path = BaseObject.h; sourceTree = "<group>"; };
		023AE59A13665C7000E8A88D /* BaseObject.m */ = {isa = PBXFileReference; fileEncoding = 4; lastKnownFileType = sourcecode.c.objc; path = BaseObject.m; sourceTree = "<group>"; };
		023C7D6713099CD200FD360B /* Estimates.png */ = {isa = PBXFileReference; lastKnownFileType = image.png; name = Estimates.png; path = Resources/Icons/Estimates.png; sourceTree = "<group>"; };
		023C7D8013099F9900FD360B /* Button.png */ = {isa = PBXFileReference; lastKnownFileType = image.png; name = Button.png; path = Resources/Icons/Button.png; sourceTree = "<group>"; };
		023C7D8113099F9900FD360B /* Button@2x.png */ = {isa = PBXFileReference; lastKnownFileType = image.png; name = "Button@2x.png"; path = "Resources/Icons/Button@2x.png"; sourceTree = "<group>"; };
		023C7D8213099F9900FD360B /* Title.png */ = {isa = PBXFileReference; lastKnownFileType = image.png; name = Title.png; path = Resources/Icons/Title.png; sourceTree = "<group>"; };
		023C7D8313099F9900FD360B /* Title@2x.png */ = {isa = PBXFileReference; lastKnownFileType = image.png; name = "Title@2x.png"; path = "Resources/Icons/Title@2x.png"; sourceTree = "<group>"; };
		023C7DB71309A8D600FD360B /* Launch.png */ = {isa = PBXFileReference; lastKnownFileType = image.png; name = Launch.png; path = Resources/Icons/Launch.png; sourceTree = "<group>"; };
		023C7DB81309A8D600FD360B /* Launch@2x.png */ = {isa = PBXFileReference; lastKnownFileType = image.png; name = "Launch@2x.png"; path = "Resources/Icons/Launch@2x.png"; sourceTree = "<group>"; };
		023E06AB134D52A60026209B /* TextFieldTableViewController.h */ = {isa = PBXFileReference; fileEncoding = 4; lastKnownFileType = sourcecode.c.h; path = TextFieldTableViewController.h; sourceTree = "<group>"; };
		023E06AC134D52A60026209B /* TextFieldTableViewController.m */ = {isa = PBXFileReference; fileEncoding = 4; lastKnownFileType = sourcecode.c.objc; path = TextFieldTableViewController.m; sourceTree = "<group>"; };
		028917DE1308D1CD00945F4D /* Estimates@2x.png */ = {isa = PBXFileReference; lastKnownFileType = image.png; name = "Estimates@2x.png"; path = "Resources/Icons/Estimates@2x.png"; sourceTree = "<group>"; };
		02943B931319891100A719AA /* CoreData.framework */ = {isa = PBXFileReference; lastKnownFileType = wrapper.framework; name = CoreData.framework; path = System/Library/Frameworks/CoreData.framework; sourceTree = SDKROOT; };
		02943CB01319AB8400A719AA /* WorkingTitle.xcdatamodel */ = {isa = PBXFileReference; fileEncoding = 4; lastKnownFileType = wrapper.xcdatamodel; path = WorkingTitle.xcdatamodel; sourceTree = "<group>"; };
		0299F96C1304D8ED001E1E3E /* StartupViewController.h */ = {isa = PBXFileReference; fileEncoding = 4; lastKnownFileType = sourcecode.c.h; path = StartupViewController.h; sourceTree = "<group>"; };
		0299F96D1304D8ED001E1E3E /* StartupViewController.m */ = {isa = PBXFileReference; fileEncoding = 4; lastKnownFileType = sourcecode.c.objc; path = StartupViewController.m; sourceTree = "<group>"; };
		0299F96E1304D8ED001E1E3E /* Startup.xib */ = {isa = PBXFileReference; lastKnownFileType = file.xib; path = Startup.xib; sourceTree = "<group>"; };
		029C645212EB8389000B6E51 /* en */ = {isa = PBXFileReference; fileEncoding = 4; lastKnownFileType = text.plist.strings; name = en; path = Resources/en.lproj/Localizable.strings; sourceTree = "<group>"; };
		029C647112EB84E9000B6E51 /* fr */ = {isa = PBXFileReference; fileEncoding = 4; lastKnownFileType = text.plist.strings; name = fr; path = Resources/fr.lproj/Localizable.strings; sourceTree = "<group>"; };
		029DAC9E136BA00A00AF4A6F /* AddEstimatePickClientInfoViewController.h */ = {isa = PBXFileReference; fileEncoding = 4; lastKnownFileType = sourcecode.c.h; path = AddEstimatePickClientInfoViewController.h; sourceTree = "<group>"; };
		029DAC9F136BA00A00AF4A6F /* AddEstimatePickClientInfoViewController.m */ = {isa = PBXFileReference; fileEncoding = 4; lastKnownFileType = sourcecode.c.objc; path = AddEstimatePickClientInfoViewController.m; sourceTree = "<group>"; };
		029DACA0136BA00A00AF4A6F /* AddEstimatePickClientInfo.xib */ = {isa = PBXFileReference; lastKnownFileType = file.xib; path = AddEstimatePickClientInfo.xib; sourceTree = "<group>"; };
		029F3682139DC9F800BA07A5 /* SampleEstimates.plist */ = {isa = PBXFileReference; fileEncoding = 4; lastKnownFileType = text.plist.xml; name = SampleEstimates.plist; path = Resources/SampleEstimates.plist; sourceTree = "<group>"; };
		02A1FC8C13A1B47E00C2A3A9 /* QuartzCore.framework */ = {isa = PBXFileReference; lastKnownFileType = wrapper.framework; name = QuartzCore.framework; path = System/Library/Frameworks/QuartzCore.framework; sourceTree = SDKROOT; };
		02A62E8912FEF50500CAF63A /* PrintManager.h */ = {isa = PBXFileReference; fileEncoding = 4; lastKnownFileType = sourcecode.c.h; path = PrintManager.h; sourceTree = "<group>"; };
		02A62E8A12FEF50500CAF63A /* PrintManager.m */ = {isa = PBXFileReference; fileEncoding = 4; lastKnownFileType = sourcecode.c.objc; path = PrintManager.m; sourceTree = "<group>"; };
		02A8E4DD1347A95C00BAAF36 /* TableFields.h */ = {isa = PBXFileReference; fileEncoding = 4; lastKnownFileType = sourcecode.c.h; path = TableFields.h; sourceTree = "<group>"; };
		02A8E53F1347C54B00BAAF36 /* WorkingTitle 5.xcdatamodel */ = {isa = PBXFileReference; lastKnownFileType = wrapper.xcdatamodel; path = "WorkingTitle 5.xcdatamodel"; sourceTree = "<group>"; };
		02A8E5451347C79D00BAAF36 /* ContactInformation.h */ = {isa = PBXFileReference; fileEncoding = 4; lastKnownFileType = sourcecode.c.h; path = ContactInformation.h; sourceTree = "<group>"; };
		02A8E5461347C79D00BAAF36 /* ContactInformation.m */ = {isa = PBXFileReference; fileEncoding = 4; lastKnownFileType = sourcecode.c.objc; path = ContactInformation.m; sourceTree = "<group>"; };
		02A8E5481347C88600BAAF36 /* AddEstimateContactInfoViewController.h */ = {isa = PBXFileReference; fileEncoding = 4; lastKnownFileType = sourcecode.c.h; path = AddEstimateContactInfoViewController.h; sourceTree = "<group>"; };
		02A8E5491347C88600BAAF36 /* AddEstimateContactInfoViewController.m */ = {isa = PBXFileReference; fileEncoding = 4; lastKnownFileType = sourcecode.c.objc; path = AddEstimateContactInfoViewController.m; sourceTree = "<group>"; };
		02A8E54A1347C88600BAAF36 /* AddEstimateContactInfo.xib */ = {isa = PBXFileReference; lastKnownFileType = file.xib; path = AddEstimateContactInfo.xib; sourceTree = "<group>"; };
		02AA0B5C136DAF13005E9158 /* AddEstimateReviewClientInfoViewController.h */ = {isa = PBXFileReference; fileEncoding = 4; lastKnownFileType = sourcecode.c.h; path = AddEstimateReviewClientInfoViewController.h; sourceTree = "<group>"; };
		02AA0B5D136DAF13005E9158 /* AddEstimateReviewClientInfoViewController.m */ = {isa = PBXFileReference; fileEncoding = 4; lastKnownFileType = sourcecode.c.objc; path = AddEstimateReviewClientInfoViewController.m; sourceTree = "<group>"; };
		02AA0B5E136DAF13005E9158 /* AddEstimateReviewClientInfo.xib */ = {isa = PBXFileReference; lastKnownFileType = file.xib; path = AddEstimateReviewClientInfo.xib; sourceTree = "<group>"; };
		02AA0BFE136DCB20005E9158 /* AddEstimateLineItemsViewController.h */ = {isa = PBXFileReference; fileEncoding = 4; lastKnownFileType = sourcecode.c.h; path = AddEstimateLineItemsViewController.h; sourceTree = "<group>"; };
		02AA0BFF136DCB20005E9158 /* AddEstimateLineItemsViewController.m */ = {isa = PBXFileReference; fileEncoding = 4; lastKnownFileType = sourcecode.c.objc; path = AddEstimateLineItemsViewController.m; sourceTree = "<group>"; };
		02AA0C00136DCB20005E9158 /* AddEstimateLineItems.xib */ = {isa = PBXFileReference; lastKnownFileType = file.xib; path = AddEstimateLineItems.xib; sourceTree = "<group>"; };
		02AD02E113397F5400FCF6AA /* WorkingTitle 3.xcdatamodel */ = {isa = PBXFileReference; lastKnownFileType = wrapper.xcdatamodel; path = "WorkingTitle 3.xcdatamodel"; sourceTree = "<group>"; };
		02B2C06B12DFF2DD00D3FEE0 /* EstimatesViewController.h */ = {isa = PBXFileReference; fileEncoding = 4; lastKnownFileType = sourcecode.c.h; path = EstimatesViewController.h; sourceTree = "<group>"; };
		02B2C06C12DFF2DD00D3FEE0 /* EstimatesViewController.m */ = {isa = PBXFileReference; fileEncoding = 4; lastKnownFileType = sourcecode.c.objc; path = EstimatesViewController.m; sourceTree = "<group>"; };
		02B2C06D12DFF2DD00D3FEE0 /* Estimates.xib */ = {isa = PBXFileReference; lastKnownFileType = file.xib; path = Estimates.xib; sourceTree = "<group>"; };
		02C25791132438C40057D944 /* DataStore.h */ = {isa = PBXFileReference; fileEncoding = 4; lastKnownFileType = sourcecode.c.h; path = DataStore.h; sourceTree = "<group>"; };
		02C25792132438C40057D944 /* DataStore.m */ = {isa = PBXFileReference; fileEncoding = 4; lastKnownFileType = sourcecode.c.objc; path = DataStore.m; sourceTree = "<group>"; };
		02C75240136A429F00EC4BF5 /* AddEstimateNewOrPickClientInfoViewController.h */ = {isa = PBXFileReference; fileEncoding = 4; lastKnownFileType = sourcecode.c.h; path = AddEstimateNewOrPickClientInfoViewController.h; sourceTree = "<group>"; };
		02C75241136A429F00EC4BF5 /* AddEstimateNewOrPickClientInfoViewController.m */ = {isa = PBXFileReference; fileEncoding = 4; lastKnownFileType = sourcecode.c.objc; path = AddEstimateNewOrPickClientInfoViewController.m; sourceTree = "<group>"; };
		02C75242136A429F00EC4BF5 /* AddEstimateNewOrPickClientInfo.xib */ = {isa = PBXFileReference; lastKnownFileType = file.xib; path = AddEstimateNewOrPickClientInfo.xib; sourceTree = "<group>"; };
		02C81A421307853C009029E9 /* Application.png */ = {isa = PBXFileReference; lastKnownFileType = image.png; name = Application.png; path = Resources/Icons/Application.png; sourceTree = "<group>"; };
		02C81A431307853C009029E9 /* Application@2x.png */ = {isa = PBXFileReference; lastKnownFileType = image.png; name = "Application@2x.png"; path = "Resources/Icons/Application@2x.png"; sourceTree = "<group>"; };
		02C81A56130788B8009029E9 /* iTunesArtwork */ = {isa = PBXFileReference; lastKnownFileType = file; name = iTunesArtwork; path = Resources/Icons/iTunesArtwork; sourceTree = "<group>"; };
		02C81A57130788B8009029E9 /* Search-Settings.png */ = {isa = PBXFileReference; lastKnownFileType = image.png; name = "Search-Settings.png"; path = "Resources/Icons/Search-Settings.png"; sourceTree = "<group>"; };
		02C81A58130788B8009029E9 /* Search-Settings@2x.png */ = {isa = PBXFileReference; lastKnownFileType = image.png; name = "Search-Settings@2x.png"; path = "Resources/Icons/Search-Settings@2x.png"; sourceTree = "<group>"; };
		02C81A771307903C009029E9 /* Email.png */ = {isa = PBXFileReference; lastKnownFileType = image.png; name = Email.png; path = Resources/Icons/Email.png; sourceTree = "<group>"; };
		02C81A781307903C009029E9 /* Email@2x.png */ = {isa = PBXFileReference; lastKnownFileType = image.png; name = "Email@2x.png"; path = "Resources/Icons/Email@2x.png"; sourceTree = "<group>"; };
		02C81A9213079755009029E9 /* Print.png */ = {isa = PBXFileReference; lastKnownFileType = image.png; name = Print.png; path = Resources/Icons/Print.png; sourceTree = "<group>"; };
		02C81A9313079755009029E9 /* Print@2x.png */ = {isa = PBXFileReference; lastKnownFileType = image.png; name = "Print@2x.png"; path = "Resources/Icons/Print@2x.png"; sourceTree = "<group>"; };
		02CB998A139BD56200FF2A3C /* TabBarItems.h */ = {isa = PBXFileReference; fileEncoding = 4; lastKnownFileType = sourcecode.c.h; path = TabBarItems.h; sourceTree = "<group>"; };
		02CB99DE139BE16F00FF2A3C /* Contracts.png */ = {isa = PBXFileReference; lastKnownFileType = image.png; name = Contracts.png; path = Resources/Icons/Contracts.png; sourceTree = "<group>"; };
		02CB99DF139BE16F00FF2A3C /* Contracts@2x.png */ = {isa = PBXFileReference; lastKnownFileType = image.png; name = "Contracts@2x.png"; path = "Resources/Icons/Contracts@2x.png"; sourceTree = "<group>"; };
		02CB99E0139BE16F00FF2A3C /* Options.png */ = {isa = PBXFileReference; lastKnownFileType = image.png; name = Options.png; path = Resources/Icons/Options.png; sourceTree = "<group>"; };
		02CB99E1139BE16F00FF2A3C /* Options@2x.png */ = {isa = PBXFileReference; lastKnownFileType = image.png; name = "Options@2x.png"; path = "Resources/Icons/Options@2x.png"; sourceTree = "<group>"; };
		02CB9A5D139C16B600FF2A3C /* EditSectionHeader.h */ = {isa = PBXFileReference; fileEncoding = 4; lastKnownFileType = sourcecode.c.h; path = EditSectionHeader.h; sourceTree = "<group>"; };
		02CB9A5E139C16B600FF2A3C /* EditSectionHeader.m */ = {isa = PBXFileReference; fileEncoding = 4; lastKnownFileType = sourcecode.c.objc; path = EditSectionHeader.m; sourceTree = "<group>"; };
		02CB9A6C139C19ED00FF2A3C /* EditSectionHeader.xib */ = {isa = PBXFileReference; lastKnownFileType = file.xib; name = EditSectionHeader.xib; path = Resources/Cells/EditSectionHeader.xib; sourceTree = "<group>"; };
		02CC9C94133FC324006160A7 /* TextFieldCell.h */ = {isa = PBXFileReference; fileEncoding = 4; lastKnownFileType = sourcecode.c.h; path = TextFieldCell.h; sourceTree = "<group>"; };
		02CC9C95133FC324006160A7 /* TextFieldCell.m */ = {isa = PBXFileReference; fileEncoding = 4; lastKnownFileType = sourcecode.c.objc; path = TextFieldCell.m; sourceTree = "<group>"; };
		02CC9C97133FC52D006160A7 /* TextFieldCell.xib */ = {isa = PBXFileReference; lastKnownFileType = file.xib; name = TextFieldCell.xib; path = Resources/Cells/TextFieldCell.xib; sourceTree = "<group>"; };
		02CC9D7D133FE91D006160A7 /* WorkingTitle 4.xcdatamodel */ = {isa = PBXFileReference; lastKnownFileType = wrapper.xcdatamodel; path = "WorkingTitle 4.xcdatamodel"; sourceTree = "<group>"; };
		02CC9D80133FEA36006160A7 /* ClientInformation.h */ = {isa = PBXFileReference; fileEncoding = 4; lastKnownFileType = sourcecode.c.h; path = ClientInformation.h; sourceTree = "<group>"; };
		02CC9D81133FEA36006160A7 /* ClientInformation.m */ = {isa = PBXFileReference; fileEncoding = 4; lastKnownFileType = sourcecode.c.objc; path = ClientInformation.m; sourceTree = "<group>"; };
		02CC9D83133FEB2C006160A7 /* Estimate.h */ = {isa = PBXFileReference; fileEncoding = 4; lastKnownFileType = sourcecode.c.h; path = Estimate.h; sourceTree = "<group>"; };
		02CC9D84133FEB2C006160A7 /* Estimate.m */ = {isa = PBXFileReference; fileEncoding = 4; lastKnownFileType = sourcecode.c.objc; path = Estimate.m; sourceTree = "<group>"; };
		02DE9879137A10C1007C5FED /* LineItem.h */ = {isa = PBXFileReference; fileEncoding = 4; lastKnownFileType = sourcecode.c.h; path = LineItem.h; sourceTree = "<group>"; };
		02DE987A137A10C1007C5FED /* LineItem.m */ = {isa = PBXFileReference; fileEncoding = 4; lastKnownFileType = sourcecode.c.objc; path = LineItem.m; sourceTree = "<group>"; };
		02DE9883137A12D3007C5FED /* AddEstimatePickLineItemViewController.h */ = {isa = PBXFileReference; fileEncoding = 4; lastKnownFileType = sourcecode.c.h; path = AddEstimatePickLineItemViewController.h; sourceTree = "<group>"; };
		02DE9884137A12D3007C5FED /* AddEstimatePickLineItemViewController.m */ = {isa = PBXFileReference; fileEncoding = 4; lastKnownFileType = sourcecode.c.objc; path = AddEstimatePickLineItemViewController.m; sourceTree = "<group>"; };
		02DE9885137A12D3007C5FED /* AddEstimatePickLineItem.xib */ = {isa = PBXFileReference; lastKnownFileType = file.xib; path = AddEstimatePickLineItem.xib; sourceTree = "<group>"; };
		02E1C7A112E53834000D7747 /* ReviewEstimateViewController.h */ = {isa = PBXFileReference; fileEncoding = 4; lastKnownFileType = sourcecode.c.h; path = ReviewEstimateViewController.h; sourceTree = "<group>"; };
		02E1C7A212E53834000D7747 /* ReviewEstimateViewController.m */ = {isa = PBXFileReference; fileEncoding = 4; lastKnownFileType = sourcecode.c.objc; path = ReviewEstimateViewController.m; sourceTree = "<group>"; };
		02E1C7A312E53834000D7747 /* ReviewEstimate.xib */ = {isa = PBXFileReference; lastKnownFileType = file.xib; path = ReviewEstimate.xib; sourceTree = "<group>"; };
		02F8E48813382D6500D75745 /* WorkingTitle 2.xcdatamodel */ = {isa = PBXFileReference; lastKnownFileType = wrapper.xcdatamodel; path = "WorkingTitle 2.xcdatamodel"; sourceTree = "<group>"; };
		02FA0481138F3C94001CF3B0 /* NewLineItemViewController.h */ = {isa = PBXFileReference; fileEncoding = 4; lastKnownFileType = sourcecode.c.h; path = NewLineItemViewController.h; sourceTree = "<group>"; };
		02FA0482138F3C94001CF3B0 /* NewLineItemViewController.m */ = {isa = PBXFileReference; fileEncoding = 4; lastKnownFileType = sourcecode.c.objc; path = NewLineItemViewController.m; sourceTree = "<group>"; };
		02FA0483138F3C94001CF3B0 /* NewLineItem.xib */ = {isa = PBXFileReference; lastKnownFileType = file.xib; path = NewLineItem.xib; sourceTree = "<group>"; };
		02FA838C12F7A69B00C713AF /* PDFManager.h */ = {isa = PBXFileReference; fileEncoding = 4; lastKnownFileType = sourcecode.c.h; path = PDFManager.h; sourceTree = "<group>"; };
		02FA838D12F7A69B00C713AF /* PDFManager.m */ = {isa = PBXFileReference; fileEncoding = 4; lastKnownFileType = sourcecode.c.objc; path = PDFManager.m; sourceTree = "<group>"; };
		02FC633213062D7100681A03 /* EmailManager.h */ = {isa = PBXFileReference; fileEncoding = 4; lastKnownFileType = sourcecode.c.h; path = EmailManager.h; sourceTree = "<group>"; };
		02FC633313062D7100681A03 /* EmailManager.m */ = {isa = PBXFileReference; fileEncoding = 4; lastKnownFileType = sourcecode.c.objc; path = EmailManager.m; sourceTree = "<group>"; };
		1D30AB110D05D00D00671497 /* Foundation.framework */ = {isa = PBXFileReference; lastKnownFileType = wrapper.framework; name = Foundation.framework; path = System/Library/Frameworks/Foundation.framework; sourceTree = SDKROOT; };
		1D3623240D0F684500981E51 /* WorkingTitleAppDelegate.h */ = {isa = PBXFileReference; fileEncoding = 4; lastKnownFileType = sourcecode.c.h; path = WorkingTitleAppDelegate.h; sourceTree = "<group>"; };
		1D3623250D0F684500981E51 /* WorkingTitleAppDelegate.m */ = {isa = PBXFileReference; fileEncoding = 4; lastKnownFileType = sourcecode.c.objc; path = WorkingTitleAppDelegate.m; sourceTree = "<group>"; };
		1D6058910D05DD3D006BFB54 /* WorkingTitle.app */ = {isa = PBXFileReference; explicitFileType = wrapper.application; includeInIndex = 0; path = WorkingTitle.app; sourceTree = BUILT_PRODUCTS_DIR; };
		1DF5F4DF0D08C38300B7A737 /* UIKit.framework */ = {isa = PBXFileReference; lastKnownFileType = wrapper.framework; name = UIKit.framework; path = System/Library/Frameworks/UIKit.framework; sourceTree = SDKROOT; };
		288765070DF74369002DB57D /* CoreGraphics.framework */ = {isa = PBXFileReference; lastKnownFileType = wrapper.framework; name = CoreGraphics.framework; path = System/Library/Frameworks/CoreGraphics.framework; sourceTree = SDKROOT; };
		28A0AB4B0D9B1048005BE974 /* WorkingTitle_Prefix.pch */ = {isa = PBXFileReference; fileEncoding = 4; lastKnownFileType = sourcecode.c.h; path = WorkingTitle_Prefix.pch; sourceTree = "<group>"; };
		28AD73870D9D96C1002E5188 /* MainWindow.xib */ = {isa = PBXFileReference; lastKnownFileType = file.xib; path = MainWindow.xib; sourceTree = "<group>"; };
		29B97316FDCFA39411CA2CEA /* main.m */ = {isa = PBXFileReference; fileEncoding = 4; lastKnownFileType = sourcecode.c.objc; path = main.m; sourceTree = "<group>"; };
		8D1107310486CEB800E47090 /* WorkingTitle-Info.plist */ = {isa = PBXFileReference; fileEncoding = 4; lastKnownFileType = text.plist.xml; path = "WorkingTitle-Info.plist"; plistStructureDefinitionIdentifier = "com.apple.xcode.plist.structure-definition.iphone.info-plist"; sourceTree = "<group>"; };
/* End PBXFileReference section */

/* Begin PBXFrameworksBuildPhase section */
		1D60588F0D05DD3D006BFB54 /* Frameworks */ = {
			isa = PBXFrameworksBuildPhase;
			buildActionMask = 2147483647;
			files = (
				1D60589F0D05DD5A006BFB54 /* Foundation.framework in Frameworks */,
				1DF5F4E00D08C38300B7A737 /* UIKit.framework in Frameworks */,
				288765080DF74369002DB57D /* CoreGraphics.framework in Frameworks */,
				0236618A12F8FA8000CD39EE /* CoreText.framework in Frameworks */,
				0216F77212FF46E9007BC60F /* MessageUI.framework in Frameworks */,
				02943B941319891100A719AA /* CoreData.framework in Frameworks */,
				02A1FC8D13A1B47E00C2A3A9 /* QuartzCore.framework in Frameworks */,
			);
			runOnlyForDeploymentPostprocessing = 0;
		};
/* End PBXFrameworksBuildPhase section */

/* Begin PBXGroup section */
		02B2C05D12DFEF9800D3FEE0 /* Views */ = {
			isa = PBXGroup;
			children = (
				02A8E5481347C88600BAAF36 /* AddEstimateContactInfoViewController.h */,
				02A8E5491347C88600BAAF36 /* AddEstimateContactInfoViewController.m */,
				02AA0BFE136DCB20005E9158 /* AddEstimateLineItemsViewController.h */,
				02AA0BFF136DCB20005E9158 /* AddEstimateLineItemsViewController.m */,
				021F684D12E67D8700ECDDDD /* AddEstimateNewClientInfoViewController.h */,
				021F684E12E67D8700ECDDDD /* AddEstimateNewClientInfoViewController.m */,
				02C75240136A429F00EC4BF5 /* AddEstimateNewOrPickClientInfoViewController.h */,
				02C75241136A429F00EC4BF5 /* AddEstimateNewOrPickClientInfoViewController.m */,
				029DAC9E136BA00A00AF4A6F /* AddEstimatePickClientInfoViewController.h */,
				029DAC9F136BA00A00AF4A6F /* AddEstimatePickClientInfoViewController.m */,
				02DE9883137A12D3007C5FED /* AddEstimatePickLineItemViewController.h */,
				02DE9884137A12D3007C5FED /* AddEstimatePickLineItemViewController.m */,
				02AA0B5C136DAF13005E9158 /* AddEstimateReviewClientInfoViewController.h */,
				02AA0B5D136DAF13005E9158 /* AddEstimateReviewClientInfoViewController.m */,
				02B2C06B12DFF2DD00D3FEE0 /* EstimatesViewController.h */,
				02B2C06C12DFF2DD00D3FEE0 /* EstimatesViewController.m */,
				02FA0481138F3C94001CF3B0 /* NewLineItemViewController.h */,
				02FA0482138F3C94001CF3B0 /* NewLineItemViewController.m */,
				02E1C7A112E53834000D7747 /* ReviewEstimateViewController.h */,
				02E1C7A212E53834000D7747 /* ReviewEstimateViewController.m */,
				0299F96C1304D8ED001E1E3E /* StartupViewController.h */,
				0299F96D1304D8ED001E1E3E /* StartupViewController.m */,
				02CB998A139BD56200FF2A3C /* TabBarItems.h */,
				02A8E4DD1347A95C00BAAF36 /* TableFields.h */,
				1D3623240D0F684500981E51 /* WorkingTitleAppDelegate.h */,
				1D3623250D0F684500981E51 /* WorkingTitleAppDelegate.m */,
			);
			path = Views;
			sourceTree = "<group>";
		};
		02B2C05E12DFEFB300D3FEE0 /* Views */ = {
			isa = PBXGroup;
			children = (
				02A8E54A1347C88600BAAF36 /* AddEstimateContactInfo.xib */,
				02AA0C00136DCB20005E9158 /* AddEstimateLineItems.xib */,
				021F684F12E67D8700ECDDDD /* AddEstimateNewClientInfo.xib */,
				02C75242136A429F00EC4BF5 /* AddEstimateNewOrPickClientInfo.xib */,
				029DACA0136BA00A00AF4A6F /* AddEstimatePickClientInfo.xib */,
				02DE9885137A12D3007C5FED /* AddEstimatePickLineItem.xib */,
				02AA0B5E136DAF13005E9158 /* AddEstimateReviewClientInfo.xib */,
				02B2C06D12DFF2DD00D3FEE0 /* Estimates.xib */,
				28AD73870D9D96C1002E5188 /* MainWindow.xib */,
				02FA0483138F3C94001CF3B0 /* NewLineItem.xib */,
				02E1C7A312E53834000D7747 /* ReviewEstimate.xib */,
				0299F96E1304D8ED001E1E3E /* Startup.xib */,
			);
			name = Views;
			path = Resources/Views;
			sourceTree = "<group>";
		};
		02B2C0B012DFF8EA00D3FEE0 /* API */ = {
			isa = PBXGroup;
			children = (
				023AE59913665C7000E8A88D /* BaseObject.h */,
				023AE59A13665C7000E8A88D /* BaseObject.m */,
				02C25791132438C40057D944 /* DataStore.h */,
				02C25792132438C40057D944 /* DataStore.m */,
				02CC9D83133FEB2C006160A7 /* Estimate.h */,
				02CC9D84133FEB2C006160A7 /* Estimate.m */,
				02CC9D80133FEA36006160A7 /* ClientInformation.h */,
				02CC9D81133FEA36006160A7 /* ClientInformation.m */,
				02A8E5451347C79D00BAAF36 /* ContactInformation.h */,
				02A8E5461347C79D00BAAF36 /* ContactInformation.m */,
				02DE9879137A10C1007C5FED /* LineItem.h */,
				02DE987A137A10C1007C5FED /* LineItem.m */,
				02022CA41378CDFC00536FEA /* LineItemSelection.h */,
				02022CA51378CDFC00536FEA /* LineItemSelection.m */,
			);
			path = API;
			sourceTree = "<group>";
		};
		02C81A41130784C2009029E9 /* Icons */ = {
			isa = PBXGroup;
			children = (
				023C7DB71309A8D600FD360B /* Launch.png */,
				023C7DB81309A8D600FD360B /* Launch@2x.png */,
				02C81A421307853C009029E9 /* Application.png */,
				02C81A431307853C009029E9 /* Application@2x.png */,
				02C81A57130788B8009029E9 /* Search-Settings.png */,
				02C81A58130788B8009029E9 /* Search-Settings@2x.png */,
				02C81A56130788B8009029E9 /* iTunesArtwork */,
				023C7D8013099F9900FD360B /* Button.png */,
				023C7D8113099F9900FD360B /* Button@2x.png */,
				02CB99DE139BE16F00FF2A3C /* Contracts.png */,
				02CB99DF139BE16F00FF2A3C /* Contracts@2x.png */,
				02C81A771307903C009029E9 /* Email.png */,
				02C81A781307903C009029E9 /* Email@2x.png */,
				023C7D6713099CD200FD360B /* Estimates.png */,
				028917DE1308D1CD00945F4D /* Estimates@2x.png */,
				02CB99E0139BE16F00FF2A3C /* Options.png */,
				02CB99E1139BE16F00FF2A3C /* Options@2x.png */,
				02C81A9213079755009029E9 /* Print.png */,
				02C81A9313079755009029E9 /* Print@2x.png */,
				023C7D8213099F9900FD360B /* Title.png */,
				023C7D8313099F9900FD360B /* Title@2x.png */,
			);
			name = Icons;
			sourceTree = "<group>";
		};
		02CC9C99133FC53C006160A7 /* Cells */ = {
			isa = PBXGroup;
			children = (
				02CC9C97133FC52D006160A7 /* TextFieldCell.xib */,
				02CB9A6C139C19ED00FF2A3C /* EditSectionHeader.xib */,
			);
			name = Cells;
			sourceTree = "<group>";
		};
		02CC9CC8133FC9AD006160A7 /* Cells */ = {
			isa = PBXGroup;
			children = (
				02CB9A5D139C16B600FF2A3C /* EditSectionHeader.h */,
				02CB9A5E139C16B600FF2A3C /* EditSectionHeader.m */,
				02CC9C94133FC324006160A7 /* TextFieldCell.h */,
				02CC9C95133FC324006160A7 /* TextFieldCell.m */,
				023E06AB134D52A60026209B /* TextFieldTableViewController.h */,
				023E06AC134D52A60026209B /* TextFieldTableViewController.m */,
			);
			path = Cells;
			sourceTree = "<group>";
		};
		02FA838B12F7A64B00C713AF /* Utils */ = {
			isa = PBXGroup;
			children = (
				02FC633213062D7100681A03 /* EmailManager.h */,
				02FC633313062D7100681A03 /* EmailManager.m */,
				02FA838C12F7A69B00C713AF /* PDFManager.h */,
				02FA838D12F7A69B00C713AF /* PDFManager.m */,
				02A62E8912FEF50500CAF63A /* PrintManager.h */,
				02A62E8A12FEF50500CAF63A /* PrintManager.m */,
			);
			path = Utils;
			sourceTree = "<group>";
		};
		080E96DDFE201D6D7F000001 /* Classes */ = {
			isa = PBXGroup;
			children = (
				29B97316FDCFA39411CA2CEA /* main.m */,
				02B2C0B012DFF8EA00D3FEE0 /* API */,
				02FA838B12F7A64B00C713AF /* Utils */,
				02CC9CC8133FC9AD006160A7 /* Cells */,
				02B2C05D12DFEF9800D3FEE0 /* Views */,
			);
			path = Classes;
			sourceTree = "<group>";
		};
		19C28FACFE9D520D11CA2CBB /* Products */ = {
			isa = PBXGroup;
			children = (
				1D6058910D05DD3D006BFB54 /* WorkingTitle.app */,
			);
			name = Products;
			sourceTree = "<group>";
		};
		29B97314FDCFA39411CA2CEA /* WorkingTitle */ = {
			isa = PBXGroup;
			children = (
				080E96DDFE201D6D7F000001 /* Classes */,
				29B97315FDCFA39411CA2CEA /* Other Sources */,
				29B97317FDCFA39411CA2CEA /* Resources */,
				29B97323FDCFA39411CA2CEA /* Frameworks */,
				19C28FACFE9D520D11CA2CBB /* Products */,
			);
			name = WorkingTitle;
			sourceTree = "<group>";
		};
		29B97315FDCFA39411CA2CEA /* Other Sources */ = {
			isa = PBXGroup;
			children = (
				8D1107310486CEB800E47090 /* WorkingTitle-Info.plist */,
				28A0AB4B0D9B1048005BE974 /* WorkingTitle_Prefix.pch */,
			);
			name = "Other Sources";
			sourceTree = "<group>";
		};
		29B97317FDCFA39411CA2CEA /* Resources */ = {
			isa = PBXGroup;
			children = (
				02943CAF1319AB8400A719AA /* WorkingTitle.xcdatamodeld */,
				02C81A41130784C2009029E9 /* Icons */,
				029C645112EB8389000B6E51 /* Localizable.strings */,
				02CC9C99133FC53C006160A7 /* Cells */,
				02B2C05E12DFEFB300D3FEE0 /* Views */,
				021C0D31137B73A2007E641C /* LineItemDefaults.plist */,
				029F3682139DC9F800BA07A5 /* SampleEstimates.plist */,
			);
			name = Resources;
			sourceTree = "<group>";
		};
		29B97323FDCFA39411CA2CEA /* Frameworks */ = {
			isa = PBXGroup;
			children = (
				1DF5F4DF0D08C38300B7A737 /* UIKit.framework */,
				1D30AB110D05D00D00671497 /* Foundation.framework */,
				288765070DF74369002DB57D /* CoreGraphics.framework */,
				0236618912F8FA8000CD39EE /* CoreText.framework */,
				0216F77112FF46E9007BC60F /* MessageUI.framework */,
				02943B931319891100A719AA /* CoreData.framework */,
				02A1FC8C13A1B47E00C2A3A9 /* QuartzCore.framework */,
			);
			name = Frameworks;
			sourceTree = "<group>";
		};
/* End PBXGroup section */

/* Begin PBXNativeTarget section */
		1D6058900D05DD3D006BFB54 /* WorkingTitle */ = {
			isa = PBXNativeTarget;
			buildConfigurationList = 1D6058960D05DD3E006BFB54 /* Build configuration list for PBXNativeTarget "WorkingTitle" */;
			buildPhases = (
				1D60588D0D05DD3D006BFB54 /* Resources */,
				1D60588E0D05DD3D006BFB54 /* Sources */,
				1D60588F0D05DD3D006BFB54 /* Frameworks */,
			);
			buildRules = (
			);
			dependencies = (
			);
			name = WorkingTitle;
			productName = WorkingTitle;
			productReference = 1D6058910D05DD3D006BFB54 /* WorkingTitle.app */;
			productType = "com.apple.product-type.application";
		};
/* End PBXNativeTarget section */

/* Begin PBXProject section */
		29B97313FDCFA39411CA2CEA /* Project object */ = {
			isa = PBXProject;
			buildConfigurationList = C01FCF4E08A954540054247B /* Build configuration list for PBXProject "WorkingTitle" */;
			compatibilityVersion = "Xcode 3.1";
			developmentRegion = English;
			hasScannedForEncodings = 1;
			knownRegions = (
				English,
				Japanese,
				French,
				German,
				en,
				fr,
			);
			mainGroup = 29B97314FDCFA39411CA2CEA /* WorkingTitle */;
			projectDirPath = "";
			projectRoot = "";
			targets = (
				1D6058900D05DD3D006BFB54 /* WorkingTitle */,
			);
		};
/* End PBXProject section */

/* Begin PBXResourcesBuildPhase section */
		1D60588D0D05DD3D006BFB54 /* Resources */ = {
			isa = PBXResourcesBuildPhase;
			buildActionMask = 2147483647;
			files = (
				28AD73880D9D96C1002E5188 /* MainWindow.xib in Resources */,
				02B2C06F12DFF2DD00D3FEE0 /* Estimates.xib in Resources */,
				02E1C7A512E53834000D7747 /* ReviewEstimate.xib in Resources */,
				021F685112E67D8700ECDDDD /* AddEstimateNewClientInfo.xib in Resources */,
				0299F9701304D8ED001E1E3E /* Startup.xib in Resources */,
				029C645312EB8389000B6E51 /* Localizable.strings in Resources */,
				02C81A441307853C009029E9 /* Application.png in Resources */,
				02C81A451307853C009029E9 /* Application@2x.png in Resources */,
				02C81A59130788B8009029E9 /* iTunesArtwork in Resources */,
				02C81A5A130788B8009029E9 /* Search-Settings.png in Resources */,
				02C81A5B130788B8009029E9 /* Search-Settings@2x.png in Resources */,
				02C81A791307903C009029E9 /* Email.png in Resources */,
				02C81A7A1307903C009029E9 /* Email@2x.png in Resources */,
				02C81A9413079755009029E9 /* Print.png in Resources */,
				02C81A9513079755009029E9 /* Print@2x.png in Resources */,
				028917E21308D1CD00945F4D /* Estimates@2x.png in Resources */,
				023C7D6813099CD200FD360B /* Estimates.png in Resources */,
				023C7D8413099F9900FD360B /* Button.png in Resources */,
				023C7D8513099F9900FD360B /* Button@2x.png in Resources */,
				023C7D8613099F9900FD360B /* Title.png in Resources */,
				023C7D8713099F9900FD360B /* Title@2x.png in Resources */,
				023C7DB91309A8D600FD360B /* Launch.png in Resources */,
				023C7DBA1309A8D600FD360B /* Launch@2x.png in Resources */,
				02CC9C98133FC52D006160A7 /* TextFieldCell.xib in Resources */,
				02A8E54C1347C88600BAAF36 /* AddEstimateContactInfo.xib in Resources */,
				02C75244136A429F00EC4BF5 /* AddEstimateNewOrPickClientInfo.xib in Resources */,
				029DACA2136BA00A00AF4A6F /* AddEstimatePickClientInfo.xib in Resources */,
				02AA0B60136DAF13005E9158 /* AddEstimateReviewClientInfo.xib in Resources */,
				02AA0C02136DCB20005E9158 /* AddEstimateLineItems.xib in Resources */,
				02DE9887137A12D3007C5FED /* AddEstimatePickLineItem.xib in Resources */,
				021C0D32137B73A2007E641C /* LineItemDefaults.plist in Resources */,
				02FA0485138F3C94001CF3B0 /* NewLineItem.xib in Resources */,
				02CB99E2139BE16F00FF2A3C /* Contracts.png in Resources */,
				02CB99E3139BE16F00FF2A3C /* Contracts@2x.png in Resources */,
				02CB99E4139BE16F00FF2A3C /* Options.png in Resources */,
				02CB99E5139BE16F00FF2A3C /* Options@2x.png in Resources */,
				02CB9A6D139C19ED00FF2A3C /* EditSectionHeader.xib in Resources */,
				029F3683139DC9F800BA07A5 /* SampleEstimates.plist in Resources */,
			);
			runOnlyForDeploymentPostprocessing = 0;
		};
/* End PBXResourcesBuildPhase section */

/* Begin PBXSourcesBuildPhase section */
		1D60588E0D05DD3D006BFB54 /* Sources */ = {
			isa = PBXSourcesBuildPhase;
			buildActionMask = 2147483647;
			files = (
				1D60589B0D05DD56006BFB54 /* main.m in Sources */,
				1D3623260D0F684500981E51 /* WorkingTitleAppDelegate.m in Sources */,
				02B2C06E12DFF2DD00D3FEE0 /* EstimatesViewController.m in Sources */,
				02E1C7A412E53834000D7747 /* ReviewEstimateViewController.m in Sources */,
				021F685012E67D8700ECDDDD /* AddEstimateNewClientInfoViewController.m in Sources */,
				02FA838E12F7A69B00C713AF /* PDFManager.m in Sources */,
				02A62E8B12FEF50500CAF63A /* PrintManager.m in Sources */,
				02FC633413062D7100681A03 /* EmailManager.m in Sources */,
				0299F96F1304D8ED001E1E3E /* StartupViewController.m in Sources */,
				02943CB11319AB8400A719AA /* WorkingTitle.xcdatamodeld in Sources */,
				02C25793132438C40057D944 /* DataStore.m in Sources */,
				02CC9C96133FC324006160A7 /* TextFieldCell.m in Sources */,
				02CC9D82133FEA36006160A7 /* ClientInformation.m in Sources */,
				02CC9D85133FEB2C006160A7 /* Estimate.m in Sources */,
				02A8E5471347C79D00BAAF36 /* ContactInformation.m in Sources */,
				02A8E54B1347C88600BAAF36 /* AddEstimateContactInfoViewController.m in Sources */,
				023E06AD134D52A60026209B /* TextFieldTableViewController.m in Sources */,
				023AE59B13665C7000E8A88D /* BaseObject.m in Sources */,
				02C75243136A429F00EC4BF5 /* AddEstimateNewOrPickClientInfoViewController.m in Sources */,
				029DACA1136BA00A00AF4A6F /* AddEstimatePickClientInfoViewController.m in Sources */,
				02AA0B5F136DAF13005E9158 /* AddEstimateReviewClientInfoViewController.m in Sources */,
				02AA0C01136DCB20005E9158 /* AddEstimateLineItemsViewController.m in Sources */,
				02022CA61378CDFC00536FEA /* LineItemSelection.m in Sources */,
				02DE987B137A10C1007C5FED /* LineItem.m in Sources */,
				02DE9886137A12D3007C5FED /* AddEstimatePickLineItemViewController.m in Sources */,
				02FA0484138F3C94001CF3B0 /* NewLineItemViewController.m in Sources */,
				02CB9A5F139C16B600FF2A3C /* EditSectionHeader.m in Sources */,
			);
			runOnlyForDeploymentPostprocessing = 0;
		};
/* End PBXSourcesBuildPhase section */

/* Begin PBXVariantGroup section */
		029C645112EB8389000B6E51 /* Localizable.strings */ = {
			isa = PBXVariantGroup;
			children = (
				029C645212EB8389000B6E51 /* en */,
				029C647112EB84E9000B6E51 /* fr */,
			);
			name = Localizable.strings;
			sourceTree = "<group>";
		};
/* End PBXVariantGroup section */

/* Begin XCBuildConfiguration section */
		1D6058940D05DD3E006BFB54 /* Debug */ = {
			isa = XCBuildConfiguration;
			buildSettings = {
				ALWAYS_SEARCH_USER_PATHS = NO;
				COPY_PHASE_STRIP = NO;
				GCC_DYNAMIC_NO_PIC = NO;
				GCC_OPTIMIZATION_LEVEL = 0;
				GCC_PRECOMPILE_PREFIX_HEADER = YES;
				GCC_PREFIX_HEADER = WorkingTitle_Prefix.pch;
				INFOPLIST_FILE = "WorkingTitle-Info.plist";
				PRODUCT_NAME = WorkingTitle;
			};
			name = Debug;
		};
		1D6058950D05DD3E006BFB54 /* Release */ = {
			isa = XCBuildConfiguration;
			buildSettings = {
				ALWAYS_SEARCH_USER_PATHS = NO;
				COPY_PHASE_STRIP = YES;
				GCC_PRECOMPILE_PREFIX_HEADER = YES;
				GCC_PREFIX_HEADER = WorkingTitle_Prefix.pch;
				INFOPLIST_FILE = "WorkingTitle-Info.plist";
				PRODUCT_NAME = WorkingTitle;
				VALIDATE_PRODUCT = YES;
			};
			name = Release;
		};
		C01FCF4F08A954540054247B /* Debug */ = {
			isa = XCBuildConfiguration;
			buildSettings = {
				ARCHS = "$(ARCHS_STANDARD_32_BIT)";
				"CODE_SIGN_IDENTITY[sdk=iphoneos*]" = "iPhone Developer";
				GCC_C_LANGUAGE_STANDARD = c99;
				GCC_WARN_ABOUT_RETURN_TYPE = YES;
				GCC_WARN_UNUSED_VARIABLE = YES;
				PREBINDING = NO;
				SDKROOT = iphoneos;
			};
			name = Debug;
		};
		C01FCF5008A954540054247B /* Release */ = {
			isa = XCBuildConfiguration;
			buildSettings = {
				ARCHS = "$(ARCHS_STANDARD_32_BIT)";
				"CODE_SIGN_IDENTITY[sdk=iphoneos*]" = "iPhone Developer";
				GCC_C_LANGUAGE_STANDARD = c99;
				GCC_WARN_ABOUT_RETURN_TYPE = YES;
				GCC_WARN_UNUSED_VARIABLE = YES;
				OTHER_CFLAGS = "-DNS_BLOCK_ASSERTIONS=1";
				PREBINDING = NO;
				SDKROOT = iphoneos;
			};
			name = Release;
		};
/* End XCBuildConfiguration section */

/* Begin XCConfigurationList section */
		1D6058960D05DD3E006BFB54 /* Build configuration list for PBXNativeTarget "WorkingTitle" */ = {
			isa = XCConfigurationList;
			buildConfigurations = (
				1D6058940D05DD3E006BFB54 /* Debug */,
				1D6058950D05DD3E006BFB54 /* Release */,
			);
			defaultConfigurationIsVisible = 0;
			defaultConfigurationName = Release;
		};
		C01FCF4E08A954540054247B /* Build configuration list for PBXProject "WorkingTitle" */ = {
			isa = XCConfigurationList;
			buildConfigurations = (
				C01FCF4F08A954540054247B /* Debug */,
				C01FCF5008A954540054247B /* Release */,
			);
			defaultConfigurationIsVisible = 0;
			defaultConfigurationName = Release;
		};
/* End XCConfigurationList section */

/* Begin XCVersionGroup section */
		02943CAF1319AB8400A719AA /* WorkingTitle.xcdatamodeld */ = {
			isa = XCVersionGroup;
			children = (
				02943CB01319AB8400A719AA /* WorkingTitle.xcdatamodel */,
				02F8E48813382D6500D75745 /* WorkingTitle 2.xcdatamodel */,
				02AD02E113397F5400FCF6AA /* WorkingTitle 3.xcdatamodel */,
				02CC9D7D133FE91D006160A7 /* WorkingTitle 4.xcdatamodel */,
				02A8E53F1347C54B00BAAF36 /* WorkingTitle 5.xcdatamodel */,
				023AE58E1366587B00E8A88D /* WorkingTitle 6.xcdatamodel */,
				021E547313690BEA00849A20 /* WorkingTitle 7.xcdatamodel */,
				02022C9F1378CD8700536FEA /* WorkingTitle 8.xcdatamodel */,
			);
			currentVersion = 02022C9F1378CD8700536FEA /* WorkingTitle 8.xcdatamodel */;
			name = WorkingTitle.xcdatamodeld;
			path = Resources/WorkingTitle.xcdatamodeld;
			sourceTree = "<group>";
			versionGroupType = wrapper.xcdatamodel;
		};
/* End XCVersionGroup section */
	};
	rootObject = 29B97313FDCFA39411CA2CEA /* Project object */;
}
