// !$*UTF8*$!
{
	archiveVersion = 1;
	classes = {
	};
	objectVersion = 45;
	objects = {

/* Begin PBXBuildFile section */
		0216F77212FF46E9007BC60F /* MessageUI.framework in Frameworks */ = {isa = PBXBuildFile; fileRef = 0216F77112FF46E9007BC60F /* MessageUI.framework */; };
		021F685012E67D8700ECDDDD /* AddEstimateClientInfoViewController.m in Sources */ = {isa = PBXBuildFile; fileRef = 021F684E12E67D8700ECDDDD /* AddEstimateClientInfoViewController.m */; };
		021F685112E67D8700ECDDDD /* AddEstimateClientInfo.xib in Resources */ = {isa = PBXBuildFile; fileRef = 021F684F12E67D8700ECDDDD /* AddEstimateClientInfo.xib */; };
		0236618A12F8FA8000CD39EE /* CoreText.framework in Frameworks */ = {isa = PBXBuildFile; fileRef = 0236618912F8FA8000CD39EE /* CoreText.framework */; };
		023C7D6813099CD200FD360B /* Estimates.png in Resources */ = {isa = PBXBuildFile; fileRef = 023C7D6713099CD200FD360B /* Estimates.png */; };
		023C7D8413099F9900FD360B /* Button.png in Resources */ = {isa = PBXBuildFile; fileRef = 023C7D8013099F9900FD360B /* Button.png */; };
		023C7D8513099F9900FD360B /* Button@2x.png in Resources */ = {isa = PBXBuildFile; fileRef = 023C7D8113099F9900FD360B /* Button@2x.png */; };
		023C7D8613099F9900FD360B /* Title.png in Resources */ = {isa = PBXBuildFile; fileRef = 023C7D8213099F9900FD360B /* Title.png */; };
		023C7D8713099F9900FD360B /* Title@2x.png in Resources */ = {isa = PBXBuildFile; fileRef = 023C7D8313099F9900FD360B /* Title@2x.png */; };
		023C7DB91309A8D600FD360B /* Launch.png in Resources */ = {isa = PBXBuildFile; fileRef = 023C7DB71309A8D600FD360B /* Launch.png */; };
		023C7DBA1309A8D600FD360B /* Launch@2x.png in Resources */ = {isa = PBXBuildFile; fileRef = 023C7DB81309A8D600FD360B /* Launch@2x.png */; };
		028917E21308D1CD00945F4D /* Estimates@2x.png in Resources */ = {isa = PBXBuildFile; fileRef = 028917DE1308D1CD00945F4D /* Estimates@2x.png */; };
		02943B941319891100A719AA /* CoreData.framework in Frameworks */ = {isa = PBXBuildFile; fileRef = 02943B931319891100A719AA /* CoreData.framework */; };
		02943CB11319AB8400A719AA /* WorkingTitle.xcdatamodeld in Sources */ = {isa = PBXBuildFile; fileRef = 02943CAF1319AB8400A719AA /* WorkingTitle.xcdatamodeld */; };
		02943D141319B4DC00A719AA /* Estimate.m in Sources */ = {isa = PBXBuildFile; fileRef = 02943D131319B4DC00A719AA /* Estimate.m */; };
		0299F96F1304D8ED001E1E3E /* StartupViewController.m in Sources */ = {isa = PBXBuildFile; fileRef = 0299F96D1304D8ED001E1E3E /* StartupViewController.m */; };
		0299F9701304D8ED001E1E3E /* Startup.xib in Resources */ = {isa = PBXBuildFile; fileRef = 0299F96E1304D8ED001E1E3E /* Startup.xib */; };
		029C645312EB8389000B6E51 /* Localizable.strings in Resources */ = {isa = PBXBuildFile; fileRef = 029C645112EB8389000B6E51 /* Localizable.strings */; };
		02A62E8B12FEF50500CAF63A /* PrintManager.m in Sources */ = {isa = PBXBuildFile; fileRef = 02A62E8A12FEF50500CAF63A /* PrintManager.m */; };
		02B2C06E12DFF2DD00D3FEE0 /* EstimatesViewController.m in Sources */ = {isa = PBXBuildFile; fileRef = 02B2C06C12DFF2DD00D3FEE0 /* EstimatesViewController.m */; };
		02B2C06F12DFF2DD00D3FEE0 /* Estimates.xib in Resources */ = {isa = PBXBuildFile; fileRef = 02B2C06D12DFF2DD00D3FEE0 /* Estimates.xib */; };
		02C25793132438C40057D944 /* DataStore.m in Sources */ = {isa = PBXBuildFile; fileRef = 02C25792132438C40057D944 /* DataStore.m */; };
		02C81A441307853C009029E9 /* Application.png in Resources */ = {isa = PBXBuildFile; fileRef = 02C81A421307853C009029E9 /* Application.png */; };
		02C81A451307853C009029E9 /* Application@2x.png in Resources */ = {isa = PBXBuildFile; fileRef = 02C81A431307853C009029E9 /* Application@2x.png */; };
		02C81A59130788B8009029E9 /* iTunesArtwork in Resources */ = {isa = PBXBuildFile; fileRef = 02C81A56130788B8009029E9 /* iTunesArtwork */; };
		02C81A5A130788B8009029E9 /* Search-Settings.png in Resources */ = {isa = PBXBuildFile; fileRef = 02C81A57130788B8009029E9 /* Search-Settings.png */; };
		02C81A5B130788B8009029E9 /* Search-Settings@2x.png in Resources */ = {isa = PBXBuildFile; fileRef = 02C81A58130788B8009029E9 /* Search-Settings@2x.png */; };
		02C81A791307903C009029E9 /* Email.png in Resources */ = {isa = PBXBuildFile; fileRef = 02C81A771307903C009029E9 /* Email.png */; };
		02C81A7A1307903C009029E9 /* Email@2x.png in Resources */ = {isa = PBXBuildFile; fileRef = 02C81A781307903C009029E9 /* Email@2x.png */; };
		02C81A9413079755009029E9 /* Print.png in Resources */ = {isa = PBXBuildFile; fileRef = 02C81A9213079755009029E9 /* Print.png */; };
		02C81A9513079755009029E9 /* Print@2x.png in Resources */ = {isa = PBXBuildFile; fileRef = 02C81A9313079755009029E9 /* Print@2x.png */; };
		02CC9C96133FC324006160A7 /* TextFieldCell.m in Sources */ = {isa = PBXBuildFile; fileRef = 02CC9C95133FC324006160A7 /* TextFieldCell.m */; };
		02CC9C98133FC52D006160A7 /* TextFieldCell.xib in Resources */ = {isa = PBXBuildFile; fileRef = 02CC9C97133FC52D006160A7 /* TextFieldCell.xib */; };
		02E1C7A412E53834000D7747 /* ReviewEstimateViewController.m in Sources */ = {isa = PBXBuildFile; fileRef = 02E1C7A212E53834000D7747 /* ReviewEstimateViewController.m */; };
		02E1C7A512E53834000D7747 /* ReviewEstimate.xib in Resources */ = {isa = PBXBuildFile; fileRef = 02E1C7A312E53834000D7747 /* ReviewEstimate.xib */; };
		02FA838E12F7A69B00C713AF /* PDFManager.m in Sources */ = {isa = PBXBuildFile; fileRef = 02FA838D12F7A69B00C713AF /* PDFManager.m */; };
		02FC633413062D7100681A03 /* EmailManager.m in Sources */ = {isa = PBXBuildFile; fileRef = 02FC633313062D7100681A03 /* EmailManager.m */; };
		1D3623260D0F684500981E51 /* WorkingTitleAppDelegate.m in Sources */ = {isa = PBXBuildFile; fileRef = 1D3623250D0F684500981E51 /* WorkingTitleAppDelegate.m */; };
		1D60589B0D05DD56006BFB54 /* main.m in Sources */ = {isa = PBXBuildFile; fileRef = 29B97316FDCFA39411CA2CEA /* main.m */; };
		1D60589F0D05DD5A006BFB54 /* Foundation.framework in Frameworks */ = {isa = PBXBuildFile; fileRef = 1D30AB110D05D00D00671497 /* Foundation.framework */; };
		1DF5F4E00D08C38300B7A737 /* UIKit.framework in Frameworks */ = {isa = PBXBuildFile; fileRef = 1DF5F4DF0D08C38300B7A737 /* UIKit.framework */; };
		288765080DF74369002DB57D /* CoreGraphics.framework in Frameworks */ = {isa = PBXBuildFile; fileRef = 288765070DF74369002DB57D /* CoreGraphics.framework */; };
		28AD73880D9D96C1002E5188 /* MainWindow.xib in Resources */ = {isa = PBXBuildFile; fileRef = 28AD73870D9D96C1002E5188 /* MainWindow.xib */; };
/* End PBXBuildFile section */

/* Begin PBXFileReference section */
		0216F77112FF46E9007BC60F /* MessageUI.framework */ = {isa = PBXFileReference; lastKnownFileType = wrapper.framework; name = MessageUI.framework; path = System/Library/Frameworks/MessageUI.framework; sourceTree = SDKROOT; };
		021F684D12E67D8700ECDDDD /* AddEstimateClientInfoViewController.h */ = {isa = PBXFileReference; fileEncoding = 4; lastKnownFileType = sourcecode.c.h; path = AddEstimateClientInfoViewController.h; sourceTree = "<group>"; };
		021F684E12E67D8700ECDDDD /* AddEstimateClientInfoViewController.m */ = {isa = PBXFileReference; fileEncoding = 4; lastKnownFileType = sourcecode.c.objc; path = AddEstimateClientInfoViewController.m; sourceTree = "<group>"; };
		021F684F12E67D8700ECDDDD /* AddEstimateClientInfo.xib */ = {isa = PBXFileReference; lastKnownFileType = file.xib; path = AddEstimateClientInfo.xib; sourceTree = "<group>"; };
		0236618912F8FA8000CD39EE /* CoreText.framework */ = {isa = PBXFileReference; lastKnownFileType = wrapper.framework; name = CoreText.framework; path = System/Library/Frameworks/CoreText.framework; sourceTree = SDKROOT; };
		023C7D6713099CD200FD360B /* Estimates.png */ = {isa = PBXFileReference; lastKnownFileType = image.png; name = Estimates.png; path = Resources/Icons/Estimates.png; sourceTree = "<group>"; };
		023C7D8013099F9900FD360B /* Button.png */ = {isa = PBXFileReference; lastKnownFileType = image.png; name = Button.png; path = Resources/Icons/Button.png; sourceTree = "<group>"; };
		023C7D8113099F9900FD360B /* Button@2x.png */ = {isa = PBXFileReference; lastKnownFileType = image.png; name = "Button@2x.png"; path = "Resources/Icons/Button@2x.png"; sourceTree = "<group>"; };
		023C7D8213099F9900FD360B /* Title.png */ = {isa = PBXFileReference; lastKnownFileType = image.png; name = Title.png; path = Resources/Icons/Title.png; sourceTree = "<group>"; };
		023C7D8313099F9900FD360B /* Title@2x.png */ = {isa = PBXFileReference; lastKnownFileType = image.png; name = "Title@2x.png"; path = "Resources/Icons/Title@2x.png"; sourceTree = "<group>"; };
		023C7DB71309A8D600FD360B /* Launch.png */ = {isa = PBXFileReference; lastKnownFileType = image.png; name = Launch.png; path = Resources/Icons/Launch.png; sourceTree = "<group>"; };
		023C7DB81309A8D600FD360B /* Launch@2x.png */ = {isa = PBXFileReference; lastKnownFileType = image.png; name = "Launch@2x.png"; path = "Resources/Icons/Launch@2x.png"; sourceTree = "<group>"; };
		028917DE1308D1CD00945F4D /* Estimates@2x.png */ = {isa = PBXFileReference; lastKnownFileType = image.png; name = "Estimates@2x.png"; path = "Resources/Icons/Estimates@2x.png"; sourceTree = "<group>"; };
		02943B931319891100A719AA /* CoreData.framework */ = {isa = PBXFileReference; lastKnownFileType = wrapper.framework; name = CoreData.framework; path = System/Library/Frameworks/CoreData.framework; sourceTree = SDKROOT; };
		02943CB01319AB8400A719AA /* WorkingTitle.xcdatamodel */ = {isa = PBXFileReference; fileEncoding = 4; lastKnownFileType = wrapper.xcdatamodel; path = WorkingTitle.xcdatamodel; sourceTree = "<group>"; };
		02943D121319B4DC00A719AA /* Estimate.h */ = {isa = PBXFileReference; fileEncoding = 4; lastKnownFileType = sourcecode.c.h; path = Estimate.h; sourceTree = "<group>"; };
		02943D131319B4DC00A719AA /* Estimate.m */ = {isa = PBXFileReference; fileEncoding = 4; lastKnownFileType = sourcecode.c.objc; path = Estimate.m; sourceTree = "<group>"; };
		0299F96C1304D8ED001E1E3E /* StartupViewController.h */ = {isa = PBXFileReference; fileEncoding = 4; lastKnownFileType = sourcecode.c.h; path = StartupViewController.h; sourceTree = "<group>"; };
		0299F96D1304D8ED001E1E3E /* StartupViewController.m */ = {isa = PBXFileReference; fileEncoding = 4; lastKnownFileType = sourcecode.c.objc; path = StartupViewController.m; sourceTree = "<group>"; };
		0299F96E1304D8ED001E1E3E /* Startup.xib */ = {isa = PBXFileReference; lastKnownFileType = file.xib; path = Startup.xib; sourceTree = "<group>"; };
		029C645212EB8389000B6E51 /* en */ = {isa = PBXFileReference; fileEncoding = 10; lastKnownFileType = text.plist.strings; name = en; path = Resources/en.lproj/Localizable.strings; sourceTree = "<group>"; };
		029C647112EB84E9000B6E51 /* fr */ = {isa = PBXFileReference; lastKnownFileType = text.plist.strings; name = fr; path = Resources/fr.lproj/Localizable.strings; sourceTree = "<group>"; };
		02A62E8912FEF50500CAF63A /* PrintManager.h */ = {isa = PBXFileReference; fileEncoding = 4; lastKnownFileType = sourcecode.c.h; path = PrintManager.h; sourceTree = "<group>"; };
		02A62E8A12FEF50500CAF63A /* PrintManager.m */ = {isa = PBXFileReference; fileEncoding = 4; lastKnownFileType = sourcecode.c.objc; path = PrintManager.m; sourceTree = "<group>"; };
		02AD02E113397F5400FCF6AA /* WorkingTitle 3.xcdatamodel */ = {isa = PBXFileReference; lastKnownFileType = wrapper.xcdatamodel; path = "WorkingTitle 3.xcdatamodel"; sourceTree = "<group>"; };
		02B2C06B12DFF2DD00D3FEE0 /* EstimatesViewController.h */ = {isa = PBXFileReference; fileEncoding = 4; lastKnownFileType = sourcecode.c.h; path = EstimatesViewController.h; sourceTree = "<group>"; };
		02B2C06C12DFF2DD00D3FEE0 /* EstimatesViewController.m */ = {isa = PBXFileReference; fileEncoding = 4; lastKnownFileType = sourcecode.c.objc; path = EstimatesViewController.m; sourceTree = "<group>"; };
		02B2C06D12DFF2DD00D3FEE0 /* Estimates.xib */ = {isa = PBXFileReference; lastKnownFileType = file.xib; path = Estimates.xib; sourceTree = "<group>"; };
		02C25791132438C40057D944 /* DataStore.h */ = {isa = PBXFileReference; fileEncoding = 4; lastKnownFileType = sourcecode.c.h; path = DataStore.h; sourceTree = "<group>"; };
		02C25792132438C40057D944 /* DataStore.m */ = {isa = PBXFileReference; fileEncoding = 4; lastKnownFileType = sourcecode.c.objc; path = DataStore.m; sourceTree = "<group>"; };
		02C81A421307853C009029E9 /* Application.png */ = {isa = PBXFileReference; lastKnownFileType = image.png; name = Application.png; path = Resources/Icons/Application.png; sourceTree = "<group>"; };
		02C81A431307853C009029E9 /* Application@2x.png */ = {isa = PBXFileReference; lastKnownFileType = image.png; name = "Application@2x.png"; path = "Resources/Icons/Application@2x.png"; sourceTree = "<group>"; };
		02C81A56130788B8009029E9 /* iTunesArtwork */ = {isa = PBXFileReference; lastKnownFileType = file; name = iTunesArtwork; path = Resources/Icons/iTunesArtwork; sourceTree = "<group>"; };
		02C81A57130788B8009029E9 /* Search-Settings.png */ = {isa = PBXFileReference; lastKnownFileType = image.png; name = "Search-Settings.png"; path = "Resources/Icons/Search-Settings.png"; sourceTree = "<group>"; };
		02C81A58130788B8009029E9 /* Search-Settings@2x.png */ = {isa = PBXFileReference; lastKnownFileType = image.png; name = "Search-Settings@2x.png"; path = "Resources/Icons/Search-Settings@2x.png"; sourceTree = "<group>"; };
		02C81A771307903C009029E9 /* Email.png */ = {isa = PBXFileReference; lastKnownFileType = image.png; name = Email.png; path = Resources/Icons/Email.png; sourceTree = "<group>"; };
		02C81A781307903C009029E9 /* Email@2x.png */ = {isa = PBXFileReference; lastKnownFileType = image.png; name = "Email@2x.png"; path = "Resources/Icons/Email@2x.png"; sourceTree = "<group>"; };
		02C81A9213079755009029E9 /* Print.png */ = {isa = PBXFileReference; lastKnownFileType = image.png; name = Print.png; path = Resources/Icons/Print.png; sourceTree = "<group>"; };
		02C81A9313079755009029E9 /* Print@2x.png */ = {isa = PBXFileReference; lastKnownFileType = image.png; name = "Print@2x.png"; path = "Resources/Icons/Print@2x.png"; sourceTree = "<group>"; };
		02CC9C94133FC324006160A7 /* TextFieldCell.h */ = {isa = PBXFileReference; fileEncoding = 4; lastKnownFileType = sourcecode.c.h; path = TextFieldCell.h; sourceTree = "<group>"; };
		02CC9C95133FC324006160A7 /* TextFieldCell.m */ = {isa = PBXFileReference; fileEncoding = 4; lastKnownFileType = sourcecode.c.objc; path = TextFieldCell.m; sourceTree = "<group>"; };
		02CC9C97133FC52D006160A7 /* TextFieldCell.xib */ = {isa = PBXFileReference; lastKnownFileType = file.xib; name = TextFieldCell.xib; path = Resources/Cells/TextFieldCell.xib; sourceTree = "<group>"; };
		02E1C7A112E53834000D7747 /* ReviewEstimateViewController.h */ = {isa = PBXFileReference; fileEncoding = 4; lastKnownFileType = sourcecode.c.h; path = ReviewEstimateViewController.h; sourceTree = "<group>"; };
		02E1C7A212E53834000D7747 /* ReviewEstimateViewController.m */ = {isa = PBXFileReference; fileEncoding = 4; lastKnownFileType = sourcecode.c.objc; path = ReviewEstimateViewController.m; sourceTree = "<group>"; };
		02E1C7A312E53834000D7747 /* ReviewEstimate.xib */ = {isa = PBXFileReference; lastKnownFileType = file.xib; path = ReviewEstimate.xib; sourceTree = "<group>"; };
		02F8E48813382D6500D75745 /* WorkingTitle 2.xcdatamodel */ = {isa = PBXFileReference; lastKnownFileType = wrapper.xcdatamodel; path = "WorkingTitle 2.xcdatamodel"; sourceTree = "<group>"; };
		02FA838C12F7A69B00C713AF /* PDFManager.h */ = {isa = PBXFileReference; fileEncoding = 4; lastKnownFileType = sourcecode.c.h; path = PDFManager.h; sourceTree = "<group>"; };
		02FA838D12F7A69B00C713AF /* PDFManager.m */ = {isa = PBXFileReference; fileEncoding = 4; lastKnownFileType = sourcecode.c.objc; path = PDFManager.m; sourceTree = "<group>"; };
		02FC633213062D7100681A03 /* EmailManager.h */ = {isa = PBXFileReference; fileEncoding = 4; lastKnownFileType = sourcecode.c.h; path = EmailManager.h; sourceTree = "<group>"; };
		02FC633313062D7100681A03 /* EmailManager.m */ = {isa = PBXFileReference; fileEncoding = 4; lastKnownFileType = sourcecode.c.objc; path = EmailManager.m; sourceTree = "<group>"; };
		1D30AB110D05D00D00671497 /* Foundation.framework */ = {isa = PBXFileReference; lastKnownFileType = wrapper.framework; name = Foundation.framework; path = System/Library/Frameworks/Foundation.framework; sourceTree = SDKROOT; };
		1D3623240D0F684500981E51 /* WorkingTitleAppDelegate.h */ = {isa = PBXFileReference; fileEncoding = 4; lastKnownFileType = sourcecode.c.h; path = WorkingTitleAppDelegate.h; sourceTree = "<group>"; };
		1D3623250D0F684500981E51 /* WorkingTitleAppDelegate.m */ = {isa = PBXFileReference; fileEncoding = 4; lastKnownFileType = sourcecode.c.objc; path = WorkingTitleAppDelegate.m; sourceTree = "<group>"; };
		1D6058910D05DD3D006BFB54 /* WorkingTitle.app */ = {isa = PBXFileReference; explicitFileType = wrapper.application; includeInIndex = 0; path = WorkingTitle.app; sourceTree = BUILT_PRODUCTS_DIR; };
		1DF5F4DF0D08C38300B7A737 /* UIKit.framework */ = {isa = PBXFileReference; lastKnownFileType = wrapper.framework; name = UIKit.framework; path = System/Library/Frameworks/UIKit.framework; sourceTree = SDKROOT; };
		288765070DF74369002DB57D /* CoreGraphics.framework */ = {isa = PBXFileReference; lastKnownFileType = wrapper.framework; name = CoreGraphics.framework; path = System/Library/Frameworks/CoreGraphics.framework; sourceTree = SDKROOT; };
		28A0AB4B0D9B1048005BE974 /* WorkingTitle_Prefix.pch */ = {isa = PBXFileReference; fileEncoding = 4; lastKnownFileType = sourcecode.c.h; path = WorkingTitle_Prefix.pch; sourceTree = "<group>"; };
		28AD73870D9D96C1002E5188 /* MainWindow.xib */ = {isa = PBXFileReference; lastKnownFileType = file.xib; path = MainWindow.xib; sourceTree = "<group>"; };
		29B97316FDCFA39411CA2CEA /* main.m */ = {isa = PBXFileReference; fileEncoding = 4; lastKnownFileType = sourcecode.c.objc; path = main.m; sourceTree = "<group>"; };
		8D1107310486CEB800E47090 /* WorkingTitle-Info.plist */ = {isa = PBXFileReference; fileEncoding = 4; lastKnownFileType = text.plist.xml; path = "WorkingTitle-Info.plist"; plistStructureDefinitionIdentifier = "com.apple.xcode.plist.structure-definition.iphone.info-plist"; sourceTree = "<group>"; };
/* End PBXFileReference section */

/* Begin PBXFrameworksBuildPhase section */
		1D60588F0D05DD3D006BFB54 /* Frameworks */ = {
			isa = PBXFrameworksBuildPhase;
			buildActionMask = 2147483647;
			files = (
				1D60589F0D05DD5A006BFB54 /* Foundation.framework in Frameworks */,
				1DF5F4E00D08C38300B7A737 /* UIKit.framework in Frameworks */,
				288765080DF74369002DB57D /* CoreGraphics.framework in Frameworks */,
				0236618A12F8FA8000CD39EE /* CoreText.framework in Frameworks */,
				0216F77212FF46E9007BC60F /* MessageUI.framework in Frameworks */,
				02943B941319891100A719AA /* CoreData.framework in Frameworks */,
			);
			runOnlyForDeploymentPostprocessing = 0;
		};
/* End PBXFrameworksBuildPhase section */

/* Begin PBXGroup section */
		02B2C05D12DFEF9800D3FEE0 /* UI */ = {
			isa = PBXGroup;
			children = (
				021F684D12E67D8700ECDDDD /* AddEstimateClientInfoViewController.h */,
				021F684E12E67D8700ECDDDD /* AddEstimateClientInfoViewController.m */,
				02B2C06B12DFF2DD00D3FEE0 /* EstimatesViewController.h */,
				02B2C06C12DFF2DD00D3FEE0 /* EstimatesViewController.m */,
				02E1C7A112E53834000D7747 /* ReviewEstimateViewController.h */,
				02E1C7A212E53834000D7747 /* ReviewEstimateViewController.m */,
				0299F96C1304D8ED001E1E3E /* StartupViewController.h */,
				0299F96D1304D8ED001E1E3E /* StartupViewController.m */,
				1D3623240D0F684500981E51 /* WorkingTitleAppDelegate.h */,
				1D3623250D0F684500981E51 /* WorkingTitleAppDelegate.m */,
			);
			path = UI;
			sourceTree = "<group>";
		};
		02B2C05E12DFEFB300D3FEE0 /* Views */ = {
			isa = PBXGroup;
			children = (
				021F684F12E67D8700ECDDDD /* AddEstimateClientInfo.xib */,
				02B2C06D12DFF2DD00D3FEE0 /* Estimates.xib */,
				28AD73870D9D96C1002E5188 /* MainWindow.xib */,
				02E1C7A312E53834000D7747 /* ReviewEstimate.xib */,
				0299F96E1304D8ED001E1E3E /* Startup.xib */,
			);
			name = Views;
			path = Resources/Views;
			sourceTree = "<group>";
		};
		02B2C0B012DFF8EA00D3FEE0 /* API */ = {
			isa = PBXGroup;
			children = (
				02943D121319B4DC00A719AA /* Estimate.h */,
				02943D131319B4DC00A719AA /* Estimate.m */,
				02C25791132438C40057D944 /* DataStore.h */,
				02C25792132438C40057D944 /* DataStore.m */,
			);
			path = API;
			sourceTree = "<group>";
		};
		02C81A41130784C2009029E9 /* Icons */ = {
			isa = PBXGroup;
			children = (
				023C7DB71309A8D600FD360B /* Launch.png */,
				023C7DB81309A8D600FD360B /* Launch@2x.png */,
				02C81A421307853C009029E9 /* Application.png */,
				02C81A431307853C009029E9 /* Application@2x.png */,
				02C81A57130788B8009029E9 /* Search-Settings.png */,
				02C81A58130788B8009029E9 /* Search-Settings@2x.png */,
				02C81A56130788B8009029E9 /* iTunesArtwork */,
				023C7D8013099F9900FD360B /* Button.png */,
				023C7D8113099F9900FD360B /* Button@2x.png */,
				02C81A771307903C009029E9 /* Email.png */,
				02C81A781307903C009029E9 /* Email@2x.png */,
				023C7D6713099CD200FD360B /* Estimates.png */,
				028917DE1308D1CD00945F4D /* Estimates@2x.png */,
				02C81A9213079755009029E9 /* Print.png */,
				02C81A9313079755009029E9 /* Print@2x.png */,
				023C7D8213099F9900FD360B /* Title.png */,
				023C7D8313099F9900FD360B /* Title@2x.png */,
			);
			name = Icons;
			sourceTree = "<group>";
		};
		02CC9C99133FC53C006160A7 /* Cells */ = {
			isa = PBXGroup;
			children = (
				02CC9C97133FC52D006160A7 /* TextFieldCell.xib */,
			);
			name = Cells;
			sourceTree = "<group>";
		};
		02CC9CC8133FC9AD006160A7 /* Cells */ = {
			isa = PBXGroup;
			children = (
				02CC9C94133FC324006160A7 /* TextFieldCell.h */,
				02CC9C95133FC324006160A7 /* TextFieldCell.m */,
			);
			path = Cells;
			sourceTree = "<group>";
		};
		02FA838B12F7A64B00C713AF /* Utils */ = {
			isa = PBXGroup;
			children = (
				02FC633213062D7100681A03 /* EmailManager.h */,
				02FC633313062D7100681A03 /* EmailManager.m */,
				02FA838C12F7A69B00C713AF /* PDFManager.h */,
				02FA838D12F7A69B00C713AF /* PDFManager.m */,
				02A62E8912FEF50500CAF63A /* PrintManager.h */,
				02A62E8A12FEF50500CAF63A /* PrintManager.m */,
			);
			path = Utils;
			sourceTree = "<group>";
		};
		080E96DDFE201D6D7F000001 /* Classes */ = {
			isa = PBXGroup;
			children = (
				29B97316FDCFA39411CA2CEA /* main.m */,
				02B2C0B012DFF8EA00D3FEE0 /* API */,
				02FA838B12F7A64B00C713AF /* Utils */,
				02CC9CC8133FC9AD006160A7 /* Cells */,
				02B2C05D12DFEF9800D3FEE0 /* UI */,
			);
			path = Classes;
			sourceTree = "<group>";
		};
		19C28FACFE9D520D11CA2CBB /* Products */ = {
			isa = PBXGroup;
			children = (
				1D6058910D05DD3D006BFB54 /* WorkingTitle.app */,
			);
			name = Products;
			sourceTree = "<group>";
		};
		29B97314FDCFA39411CA2CEA /* WorkingTitle */ = {
			isa = PBXGroup;
			children = (
				080E96DDFE201D6D7F000001 /* Classes */,
				29B97315FDCFA39411CA2CEA /* Other Sources */,
				29B97317FDCFA39411CA2CEA /* Resources */,
				29B97323FDCFA39411CA2CEA /* Frameworks */,
				19C28FACFE9D520D11CA2CBB /* Products */,
			);
			name = WorkingTitle;
			sourceTree = "<group>";
		};
		29B97315FDCFA39411CA2CEA /* Other Sources */ = {
			isa = PBXGroup;
			children = (
				8D1107310486CEB800E47090 /* WorkingTitle-Info.plist */,
				28A0AB4B0D9B1048005BE974 /* WorkingTitle_Prefix.pch */,
			);
			name = "Other Sources";
			sourceTree = "<group>";
		};
		29B97317FDCFA39411CA2CEA /* Resources */ = {
			isa = PBXGroup;
			children = (
				02943CAF1319AB8400A719AA /* WorkingTitle.xcdatamodeld */,
				02C81A41130784C2009029E9 /* Icons */,
				029C645112EB8389000B6E51 /* Localizable.strings */,
				02CC9C99133FC53C006160A7 /* Cells */,
				02B2C05E12DFEFB300D3FEE0 /* Views */,
			);
			name = Resources;
			sourceTree = "<group>";
		};
		29B97323FDCFA39411CA2CEA /* Frameworks */ = {
			isa = PBXGroup;
			children = (
				1DF5F4DF0D08C38300B7A737 /* UIKit.framework */,
				1D30AB110D05D00D00671497 /* Foundation.framework */,
				288765070DF74369002DB57D /* CoreGraphics.framework */,
				0236618912F8FA8000CD39EE /* CoreText.framework */,
				0216F77112FF46E9007BC60F /* MessageUI.framework */,
				02943B931319891100A719AA /* CoreData.framework */,
			);
			name = Frameworks;
			sourceTree = "<group>";
		};
/* End PBXGroup section */

/* Begin PBXNativeTarget section */
		1D6058900D05DD3D006BFB54 /* WorkingTitle */ = {
			isa = PBXNativeTarget;
			buildConfigurationList = 1D6058960D05DD3E006BFB54 /* Build configuration list for PBXNativeTarget "WorkingTitle" */;
			buildPhases = (
				1D60588D0D05DD3D006BFB54 /* Resources */,
				1D60588E0D05DD3D006BFB54 /* Sources */,
				1D60588F0D05DD3D006BFB54 /* Frameworks */,
			);
			buildRules = (
			);
			dependencies = (
			);
			name = WorkingTitle;
			productName = WorkingTitle;
			productReference = 1D6058910D05DD3D006BFB54 /* WorkingTitle.app */;
			productType = "com.apple.product-type.application";
		};
/* End PBXNativeTarget section */

/* Begin PBXProject section */
		29B97313FDCFA39411CA2CEA /* Project object */ = {
			isa = PBXProject;
			buildConfigurationList = C01FCF4E08A954540054247B /* Build configuration list for PBXProject "WorkingTitle" */;
			compatibilityVersion = "Xcode 3.1";
			developmentRegion = English;
			hasScannedForEncodings = 1;
			knownRegions = (
				English,
				Japanese,
				French,
				German,
				en,
				fr,
			);
			mainGroup = 29B97314FDCFA39411CA2CEA /* WorkingTitle */;
			projectDirPath = "";
			projectRoot = "";
			targets = (
				1D6058900D05DD3D006BFB54 /* WorkingTitle */,
			);
		};
/* End PBXProject section */

/* Begin PBXResourcesBuildPhase section */
		1D60588D0D05DD3D006BFB54 /* Resources */ = {
			isa = PBXResourcesBuildPhase;
			buildActionMask = 2147483647;
			files = (
				28AD73880D9D96C1002E5188 /* MainWindow.xib in Resources */,
				02B2C06F12DFF2DD00D3FEE0 /* Estimates.xib in Resources */,
				02E1C7A512E53834000D7747 /* ReviewEstimate.xib in Resources */,
				021F685112E67D8700ECDDDD /* AddEstimateClientInfo.xib in Resources */,
				0299F9701304D8ED001E1E3E /* Startup.xib in Resources */,
				029C645312EB8389000B6E51 /* Localizable.strings in Resources */,
				02C81A441307853C009029E9 /* Application.png in Resources */,
				02C81A451307853C009029E9 /* Application@2x.png in Resources */,
				02C81A59130788B8009029E9 /* iTunesArtwork in Resources */,
				02C81A5A130788B8009029E9 /* Search-Settings.png in Resources */,
				02C81A5B130788B8009029E9 /* Search-Settings@2x.png in Resources */,
				02C81A791307903C009029E9 /* Email.png in Resources */,
				02C81A7A1307903C009029E9 /* Email@2x.png in Resources */,
				02C81A9413079755009029E9 /* Print.png in Resources */,
				02C81A9513079755009029E9 /* Print@2x.png in Resources */,
				028917E21308D1CD00945F4D /* Estimates@2x.png in Resources */,
				023C7D6813099CD200FD360B /* Estimates.png in Resources */,
				023C7D8413099F9900FD360B /* Button.png in Resources */,
				023C7D8513099F9900FD360B /* Button@2x.png in Resources */,
				023C7D8613099F9900FD360B /* Title.png in Resources */,
				023C7D8713099F9900FD360B /* Title@2x.png in Resources */,
				023C7DB91309A8D600FD360B /* Launch.png in Resources */,
				023C7DBA1309A8D600FD360B /* Launch@2x.png in Resources */,
				02CC9C98133FC52D006160A7 /* TextFieldCell.xib in Resources */,
			);
			runOnlyForDeploymentPostprocessing = 0;
		};
/* End PBXResourcesBuildPhase section */

/* Begin PBXSourcesBuildPhase section */
		1D60588E0D05DD3D006BFB54 /* Sources */ = {
			isa = PBXSourcesBuildPhase;
			buildActionMask = 2147483647;
			files = (
				1D60589B0D05DD56006BFB54 /* main.m in Sources */,
				1D3623260D0F684500981E51 /* WorkingTitleAppDelegate.m in Sources */,
				02B2C06E12DFF2DD00D3FEE0 /* EstimatesViewController.m in Sources */,
				02E1C7A412E53834000D7747 /* ReviewEstimateViewController.m in Sources */,
				021F685012E67D8700ECDDDD /* AddEstimateClientInfoViewController.m in Sources */,
				02FA838E12F7A69B00C713AF /* PDFManager.m in Sources */,
				02A62E8B12FEF50500CAF63A /* PrintManager.m in Sources */,
				02FC633413062D7100681A03 /* EmailManager.m in Sources */,
				0299F96F1304D8ED001E1E3E /* StartupViewController.m in Sources */,
				02943CB11319AB8400A719AA /* WorkingTitle.xcdatamodeld in Sources */,
				02943D141319B4DC00A719AA /* Estimate.m in Sources */,
				02C25793132438C40057D944 /* DataStore.m in Sources */,
				02CC9C96133FC324006160A7 /* TextFieldCell.m in Sources */,
			);
			runOnlyForDeploymentPostprocessing = 0;
		};
/* End PBXSourcesBuildPhase section */

/* Begin PBXVariantGroup section */
		029C645112EB8389000B6E51 /* Localizable.strings */ = {
			isa = PBXVariantGroup;
			children = (
				029C645212EB8389000B6E51 /* en */,
				029C647112EB84E9000B6E51 /* fr */,
			);
			name = Localizable.strings;
			sourceTree = "<group>";
		};
/* End PBXVariantGroup section */

/* Begin XCBuildConfiguration section */
		1D6058940D05DD3E006BFB54 /* Debug */ = {
			isa = XCBuildConfiguration;
			buildSettings = {
				ALWAYS_SEARCH_USER_PATHS = NO;
				COPY_PHASE_STRIP = NO;
				GCC_DYNAMIC_NO_PIC = NO;
				GCC_OPTIMIZATION_LEVEL = 0;
				GCC_PRECOMPILE_PREFIX_HEADER = YES;
				GCC_PREFIX_HEADER = WorkingTitle_Prefix.pch;
				INFOPLIST_FILE = "WorkingTitle-Info.plist";
				PRODUCT_NAME = WorkingTitle;
			};
			name = Debug;
		};
		1D6058950D05DD3E006BFB54 /* Release */ = {
			isa = XCBuildConfiguration;
			buildSettings = {
				ALWAYS_SEARCH_USER_PATHS = NO;
				COPY_PHASE_STRIP = YES;
				GCC_PRECOMPILE_PREFIX_HEADER = YES;
				GCC_PREFIX_HEADER = WorkingTitle_Prefix.pch;
				INFOPLIST_FILE = "WorkingTitle-Info.plist";
				PRODUCT_NAME = WorkingTitle;
				VALIDATE_PRODUCT = YES;
			};
			name = Release;
		};
		C01FCF4F08A954540054247B /* Debug */ = {
			isa = XCBuildConfiguration;
			buildSettings = {
				ARCHS = "$(ARCHS_STANDARD_32_BIT)";
				"CODE_SIGN_IDENTITY[sdk=iphoneos*]" = "iPhone Developer";
				GCC_C_LANGUAGE_STANDARD = c99;
				GCC_WARN_ABOUT_RETURN_TYPE = YES;
				GCC_WARN_UNUSED_VARIABLE = YES;
				PREBINDING = NO;
				SDKROOT = iphoneos;
			};
			name = Debug;
		};
		C01FCF5008A954540054247B /* Release */ = {
			isa = XCBuildConfiguration;
			buildSettings = {
				ARCHS = "$(ARCHS_STANDARD_32_BIT)";
				"CODE_SIGN_IDENTITY[sdk=iphoneos*]" = "iPhone Developer";
				GCC_C_LANGUAGE_STANDARD = c99;
				GCC_WARN_ABOUT_RETURN_TYPE = YES;
				GCC_WARN_UNUSED_VARIABLE = YES;
				OTHER_CFLAGS = "-DNS_BLOCK_ASSERTIONS=1";
				PREBINDING = NO;
				SDKROOT = iphoneos;
			};
			name = Release;
		};
/* End XCBuildConfiguration section */

/* Begin XCConfigurationList section */
		1D6058960D05DD3E006BFB54 /* Build configuration list for PBXNativeTarget "WorkingTitle" */ = {
			isa = XCConfigurationList;
			buildConfigurations = (
				1D6058940D05DD3E006BFB54 /* Debug */,
				1D6058950D05DD3E006BFB54 /* Release */,
			);
			defaultConfigurationIsVisible = 0;
			defaultConfigurationName = Release;
		};
		C01FCF4E08A954540054247B /* Build configuration list for PBXProject "WorkingTitle" */ = {
			isa = XCConfigurationList;
			buildConfigurations = (
				C01FCF4F08A954540054247B /* Debug */,
				C01FCF5008A954540054247B /* Release */,
			);
			defaultConfigurationIsVisible = 0;
			defaultConfigurationName = Release;
		};
/* End XCConfigurationList section */

/* Begin XCVersionGroup section */
		02943CAF1319AB8400A719AA /* WorkingTitle.xcdatamodeld */ = {
			isa = XCVersionGroup;
			children = (
				02943CB01319AB8400A719AA /* WorkingTitle.xcdatamodel */,
				02F8E48813382D6500D75745 /* WorkingTitle 2.xcdatamodel */,
				02AD02E113397F5400FCF6AA /* WorkingTitle 3.xcdatamodel */,
			);
			currentVersion = 02AD02E113397F5400FCF6AA /* WorkingTitle 3.xcdatamodel */;
			name = WorkingTitle.xcdatamodeld;
			path = Resources/WorkingTitle.xcdatamodeld;
			sourceTree = "<group>";
			versionGroupType = wrapper.xcdatamodel;
		};
/* End XCVersionGroup section */
	};
	rootObject = 29B97313FDCFA39411CA2CEA /* Project object */;
}
